
Microsoft Visual Studio Solution File, Format Version 12.00
# Visual Studio 2012
Project("{FAE04EC0-301F-11D3-BF4B-00C04F79EFBC}") = "BarReporting", "BarReporting\BarReporting.csproj", "{C82FFFFE-B6BB-424E-8FA0-AA50CDCCC36E}"
EndProject
Project("{FAE04EC0-301F-11D3-BF4B-00C04F79EFBC}") = "BarReporting.Droid", "Droid\BarReporting.Droid.csproj", "{199F0B0D-4B53-4AF3-8352-1D88A7E37DBE}"
EndProject
Global
	GlobalSection(SolutionConfigurationPlatforms) = preSolution
		Debug|Any CPU = Debug|Any CPU
		Release|Any CPU = Release|Any CPU
	EndGlobalSection
	GlobalSection(ProjectConfigurationPlatforms) = postSolution
		{199F0B0D-4B53-4AF3-8352-1D88A7E37DBE}.Debug|Any CPU.ActiveCfg = Debug|Any CPU
		{199F0B0D-4B53-4AF3-8352-1D88A7E37DBE}.Debug|Any CPU.Build.0 = Debug|Any CPU
		{199F0B0D-4B53-4AF3-8352-1D88A7E37DBE}.Release|Any CPU.ActiveCfg = Release|Any CPU
		{199F0B0D-4B53-4AF3-8352-1D88A7E37DBE}.Release|Any CPU.Build.0 = Release|Any CPU
		{C82FFFFE-B6BB-424E-8FA0-AA50CDCCC36E}.Debug|Any CPU.ActiveCfg = Debug|Any CPU
		{C82FFFFE-B6BB-424E-8FA0-AA50CDCCC36E}.Debug|Any CPU.Build.0 = Debug|Any CPU
		{C82FFFFE-B6BB-424E-8FA0-AA50CDCCC36E}.Release|Any CPU.ActiveCfg = Release|Any CPU
		{C82FFFFE-B6BB-424E-8FA0-AA50CDCCC36E}.Release|Any CPU.Build.0 = Release|Any CPU
	EndGlobalSection
EndGlobal
