
Microsoft Visual Studio Solution File, Format Version 12.00
# Visual Studio 14
VisualStudioVersion = 14.0.24720.0
MinimumVisualStudioVersion = 10.0.40219.1
Project("{F5034706-568F-408A-B7B3-4D38C6DB8A32}") = "PT.PointOne.PowerShell.Lightning", "PT.PointOne.PowerShell.Lightning\PT.PointOne.PowerShell.Lightning.pssproj", "{6CAFC0C6-A428-4D30-A9F9-700E829FEA51}"
EndProject
Project("{2150E333-8FDC-42A3-9474-1A3956D46DE8}") = "Resources", "Resources", "{4B3EAA97-A0A8-4DB8-AA51-8045CCD32C2E}"
	ProjectSection(SolutionItems) = preProject
		Resources\Superheroes.txt = Resources\Superheroes.txt
	EndProjectSection
EndProject
Project("{F5034706-568F-408A-B7B3-4D38C6DB8A32}") = "PT.PointOne.PowerShell", "PT.PointOne.PowerShell\PT.PointOne.PowerShell.pssproj", "{CB18AFF8-CF3A-47C6-97F0-C92D2AF20BA4}"
EndProject
Project("{8BB2217D-0F2D-49D1-97BC-3654ED321F3B}") = "PT.PointOne.IOT", "PT.PointOne.IOT\PT.PointOne.IOT.xproj", "{980B6704-123B-4C87-A720-79E63F36ABB6}"
EndProject
Project("{FAE04EC0-301F-11D3-BF4B-00C04F79EFBC}") = "IOTHubInterface", "IOTHubInterface\IOTHubInterface.csproj", "{632F103E-4F8D-454F-B4F2-2ACBFE62A304}"
EndProject
Project("{262852C6-CD72-467D-83FE-5EEB1973A190}") = "PT.PointOne.MobileApp", "PT.PointOne.MobileApp\PT.PointOne.MobileApp.jsproj", "{6EA9EBC1-B081-497E-BE14-2562B68C722D}"
EndProject
Global
	GlobalSection(SolutionConfigurationPlatforms) = preSolution
		Debug|Android = Debug|Android
		Debug|Any CPU = Debug|Any CPU
		Debug|ARM = Debug|ARM
		Debug|iOS = Debug|iOS
		Debug|Windows Phone (Universal) = Debug|Windows Phone (Universal)
		Debug|Windows Phone 8 = Debug|Windows Phone 8
		Debug|Windows-AnyCPU = Debug|Windows-AnyCPU
		Debug|Windows-ARM = Debug|Windows-ARM
		Debug|Windows-x64 = Debug|Windows-x64
		Debug|Windows-x86 = Debug|Windows-x86
		Debug|x64 = Debug|x64
		Debug|x86 = Debug|x86
		Release|Android = Release|Android
		Release|Any CPU = Release|Any CPU
		Release|ARM = Release|ARM
		Release|iOS = Release|iOS
		Release|Windows Phone (Universal) = Release|Windows Phone (Universal)
		Release|Windows Phone 8 = Release|Windows Phone 8
		Release|Windows-AnyCPU = Release|Windows-AnyCPU
		Release|Windows-ARM = Release|Windows-ARM
		Release|Windows-x64 = Release|Windows-x64
		Release|Windows-x86 = Release|Windows-x86
		Release|x64 = Release|x64
		Release|x86 = Release|x86
	EndGlobalSection
	GlobalSection(ProjectConfigurationPlatforms) = postSolution
		{6CAFC0C6-A428-4D30-A9F9-700E829FEA51}.Debug|Android.ActiveCfg = Debug|Any CPU
		{6CAFC0C6-A428-4D30-A9F9-700E829FEA51}.Debug|Android.Build.0 = Debug|Any CPU
		{6CAFC0C6-A428-4D30-A9F9-700E829FEA51}.Debug|Any CPU.ActiveCfg = Debug|Any CPU
		{6CAFC0C6-A428-4D30-A9F9-700E829FEA51}.Debug|Any CPU.Build.0 = Debug|Any CPU
		{6CAFC0C6-A428-4D30-A9F9-700E829FEA51}.Debug|ARM.ActiveCfg = Debug|Any CPU
		{6CAFC0C6-A428-4D30-A9F9-700E829FEA51}.Debug|ARM.Build.0 = Debug|Any CPU
		{6CAFC0C6-A428-4D30-A9F9-700E829FEA51}.Debug|iOS.ActiveCfg = Debug|Any CPU
		{6CAFC0C6-A428-4D30-A9F9-700E829FEA51}.Debug|iOS.Build.0 = Debug|Any CPU
		{6CAFC0C6-A428-4D30-A9F9-700E829FEA51}.Debug|Windows Phone (Universal).ActiveCfg = Debug|Any CPU
		{6CAFC0C6-A428-4D30-A9F9-700E829FEA51}.Debug|Windows Phone (Universal).Build.0 = Debug|Any CPU
		{6CAFC0C6-A428-4D30-A9F9-700E829FEA51}.Debug|Windows Phone 8.ActiveCfg = Debug|Any CPU
		{6CAFC0C6-A428-4D30-A9F9-700E829FEA51}.Debug|Windows Phone 8.Build.0 = Debug|Any CPU
		{6CAFC0C6-A428-4D30-A9F9-700E829FEA51}.Debug|Windows-AnyCPU.ActiveCfg = Debug|Any CPU
		{6CAFC0C6-A428-4D30-A9F9-700E829FEA51}.Debug|Windows-AnyCPU.Build.0 = Debug|Any CPU
		{6CAFC0C6-A428-4D30-A9F9-700E829FEA51}.Debug|Windows-ARM.ActiveCfg = Debug|Any CPU
		{6CAFC0C6-A428-4D30-A9F9-700E829FEA51}.Debug|Windows-ARM.Build.0 = Debug|Any CPU
		{6CAFC0C6-A428-4D30-A9F9-700E829FEA51}.Debug|Windows-x64.ActiveCfg = Debug|Any CPU
		{6CAFC0C6-A428-4D30-A9F9-700E829FEA51}.Debug|Windows-x64.Build.0 = Debug|Any CPU
		{6CAFC0C6-A428-4D30-A9F9-700E829FEA51}.Debug|Windows-x86.ActiveCfg = Debug|Any CPU
		{6CAFC0C6-A428-4D30-A9F9-700E829FEA51}.Debug|Windows-x86.Build.0 = Debug|Any CPU
		{6CAFC0C6-A428-4D30-A9F9-700E829FEA51}.Debug|x64.ActiveCfg = Debug|Any CPU
		{6CAFC0C6-A428-4D30-A9F9-700E829FEA51}.Debug|x64.Build.0 = Debug|Any CPU
		{6CAFC0C6-A428-4D30-A9F9-700E829FEA51}.Debug|x86.ActiveCfg = Debug|Any CPU
		{6CAFC0C6-A428-4D30-A9F9-700E829FEA51}.Debug|x86.Build.0 = Debug|Any CPU
		{6CAFC0C6-A428-4D30-A9F9-700E829FEA51}.Release|Android.ActiveCfg = Release|Any CPU
		{6CAFC0C6-A428-4D30-A9F9-700E829FEA51}.Release|Android.Build.0 = Release|Any CPU
		{6CAFC0C6-A428-4D30-A9F9-700E829FEA51}.Release|Any CPU.ActiveCfg = Release|Any CPU
		{6CAFC0C6-A428-4D30-A9F9-700E829FEA51}.Release|Any CPU.Build.0 = Release|Any CPU
		{6CAFC0C6-A428-4D30-A9F9-700E829FEA51}.Release|ARM.ActiveCfg = Release|Any CPU
		{6CAFC0C6-A428-4D30-A9F9-700E829FEA51}.Release|ARM.Build.0 = Release|Any CPU
		{6CAFC0C6-A428-4D30-A9F9-700E829FEA51}.Release|iOS.ActiveCfg = Release|Any CPU
		{6CAFC0C6-A428-4D30-A9F9-700E829FEA51}.Release|iOS.Build.0 = Release|Any CPU
		{6CAFC0C6-A428-4D30-A9F9-700E829FEA51}.Release|Windows Phone (Universal).ActiveCfg = Release|Any CPU
		{6CAFC0C6-A428-4D30-A9F9-700E829FEA51}.Release|Windows Phone (Universal).Build.0 = Release|Any CPU
		{6CAFC0C6-A428-4D30-A9F9-700E829FEA51}.Release|Windows Phone 8.ActiveCfg = Release|Any CPU
		{6CAFC0C6-A428-4D30-A9F9-700E829FEA51}.Release|Windows Phone 8.Build.0 = Release|Any CPU
		{6CAFC0C6-A428-4D30-A9F9-700E829FEA51}.Release|Windows-AnyCPU.ActiveCfg = Release|Any CPU
		{6CAFC0C6-A428-4D30-A9F9-700E829FEA51}.Release|Windows-AnyCPU.Build.0 = Release|Any CPU
		{6CAFC0C6-A428-4D30-A9F9-700E829FEA51}.Release|Windows-ARM.ActiveCfg = Release|Any CPU
		{6CAFC0C6-A428-4D30-A9F9-700E829FEA51}.Release|Windows-ARM.Build.0 = Release|Any CPU
		{6CAFC0C6-A428-4D30-A9F9-700E829FEA51}.Release|Windows-x64.ActiveCfg = Release|Any CPU
		{6CAFC0C6-A428-4D30-A9F9-700E829FEA51}.Release|Windows-x64.Build.0 = Release|Any CPU
		{6CAFC0C6-A428-4D30-A9F9-700E829FEA51}.Release|Windows-x86.ActiveCfg = Release|Any CPU
		{6CAFC0C6-A428-4D30-A9F9-700E829FEA51}.Release|Windows-x86.Build.0 = Release|Any CPU
		{6CAFC0C6-A428-4D30-A9F9-700E829FEA51}.Release|x64.ActiveCfg = Release|Any CPU
		{6CAFC0C6-A428-4D30-A9F9-700E829FEA51}.Release|x64.Build.0 = Release|Any CPU
		{6CAFC0C6-A428-4D30-A9F9-700E829FEA51}.Release|x86.ActiveCfg = Release|Any CPU
		{6CAFC0C6-A428-4D30-A9F9-700E829FEA51}.Release|x86.Build.0 = Release|Any CPU
		{CB18AFF8-CF3A-47C6-97F0-C92D2AF20BA4}.Debug|Android.ActiveCfg = Debug|Any CPU
		{CB18AFF8-CF3A-47C6-97F0-C92D2AF20BA4}.Debug|Android.Build.0 = Debug|Any CPU
		{CB18AFF8-CF3A-47C6-97F0-C92D2AF20BA4}.Debug|Any CPU.ActiveCfg = Debug|Any CPU
		{CB18AFF8-CF3A-47C6-97F0-C92D2AF20BA4}.Debug|Any CPU.Build.0 = Debug|Any CPU
		{CB18AFF8-CF3A-47C6-97F0-C92D2AF20BA4}.Debug|ARM.ActiveCfg = Debug|Any CPU
		{CB18AFF8-CF3A-47C6-97F0-C92D2AF20BA4}.Debug|ARM.Build.0 = Debug|Any CPU
		{CB18AFF8-CF3A-47C6-97F0-C92D2AF20BA4}.Debug|iOS.ActiveCfg = Debug|Any CPU
		{CB18AFF8-CF3A-47C6-97F0-C92D2AF20BA4}.Debug|iOS.Build.0 = Debug|Any CPU
		{CB18AFF8-CF3A-47C6-97F0-C92D2AF20BA4}.Debug|Windows Phone (Universal).ActiveCfg = Debug|Any CPU
		{CB18AFF8-CF3A-47C6-97F0-C92D2AF20BA4}.Debug|Windows Phone (Universal).Build.0 = Debug|Any CPU
		{CB18AFF8-CF3A-47C6-97F0-C92D2AF20BA4}.Debug|Windows Phone 8.ActiveCfg = Debug|Any CPU
		{CB18AFF8-CF3A-47C6-97F0-C92D2AF20BA4}.Debug|Windows Phone 8.Build.0 = Debug|Any CPU
		{CB18AFF8-CF3A-47C6-97F0-C92D2AF20BA4}.Debug|Windows-AnyCPU.ActiveCfg = Debug|Any CPU
		{CB18AFF8-CF3A-47C6-97F0-C92D2AF20BA4}.Debug|Windows-AnyCPU.Build.0 = Debug|Any CPU
		{CB18AFF8-CF3A-47C6-97F0-C92D2AF20BA4}.Debug|Windows-ARM.ActiveCfg = Debug|Any CPU
		{CB18AFF8-CF3A-47C6-97F0-C92D2AF20BA4}.Debug|Windows-ARM.Build.0 = Debug|Any CPU
		{CB18AFF8-CF3A-47C6-97F0-C92D2AF20BA4}.Debug|Windows-x64.ActiveCfg = Debug|Any CPU
		{CB18AFF8-CF3A-47C6-97F0-C92D2AF20BA4}.Debug|Windows-x64.Build.0 = Debug|Any CPU
		{CB18AFF8-CF3A-47C6-97F0-C92D2AF20BA4}.Debug|Windows-x86.ActiveCfg = Debug|Any CPU
		{CB18AFF8-CF3A-47C6-97F0-C92D2AF20BA4}.Debug|Windows-x86.Build.0 = Debug|Any CPU
		{CB18AFF8-CF3A-47C6-97F0-C92D2AF20BA4}.Debug|x64.ActiveCfg = Debug|Any CPU
		{CB18AFF8-CF3A-47C6-97F0-C92D2AF20BA4}.Debug|x64.Build.0 = Debug|Any CPU
		{CB18AFF8-CF3A-47C6-97F0-C92D2AF20BA4}.Debug|x86.ActiveCfg = Debug|Any CPU
		{CB18AFF8-CF3A-47C6-97F0-C92D2AF20BA4}.Debug|x86.Build.0 = Debug|Any CPU
		{CB18AFF8-CF3A-47C6-97F0-C92D2AF20BA4}.Release|Android.ActiveCfg = Release|Any CPU
		{CB18AFF8-CF3A-47C6-97F0-C92D2AF20BA4}.Release|Android.Build.0 = Release|Any CPU
		{CB18AFF8-CF3A-47C6-97F0-C92D2AF20BA4}.Release|Any CPU.ActiveCfg = Release|Any CPU
		{CB18AFF8-CF3A-47C6-97F0-C92D2AF20BA4}.Release|Any CPU.Build.0 = Release|Any CPU
		{CB18AFF8-CF3A-47C6-97F0-C92D2AF20BA4}.Release|ARM.ActiveCfg = Release|Any CPU
		{CB18AFF8-CF3A-47C6-97F0-C92D2AF20BA4}.Release|ARM.Build.0 = Release|Any CPU
		{CB18AFF8-CF3A-47C6-97F0-C92D2AF20BA4}.Release|iOS.ActiveCfg = Release|Any CPU
		{CB18AFF8-CF3A-47C6-97F0-C92D2AF20BA4}.Release|iOS.Build.0 = Release|Any CPU
		{CB18AFF8-CF3A-47C6-97F0-C92D2AF20BA4}.Release|Windows Phone (Universal).ActiveCfg = Release|Any CPU
		{CB18AFF8-CF3A-47C6-97F0-C92D2AF20BA4}.Release|Windows Phone (Universal).Build.0 = Release|Any CPU
		{CB18AFF8-CF3A-47C6-97F0-C92D2AF20BA4}.Release|Windows Phone 8.ActiveCfg = Release|Any CPU
		{CB18AFF8-CF3A-47C6-97F0-C92D2AF20BA4}.Release|Windows Phone 8.Build.0 = Release|Any CPU
		{CB18AFF8-CF3A-47C6-97F0-C92D2AF20BA4}.Release|Windows-AnyCPU.ActiveCfg = Release|Any CPU
		{CB18AFF8-CF3A-47C6-97F0-C92D2AF20BA4}.Release|Windows-AnyCPU.Build.0 = Release|Any CPU
		{CB18AFF8-CF3A-47C6-97F0-C92D2AF20BA4}.Release|Windows-ARM.ActiveCfg = Release|Any CPU
		{CB18AFF8-CF3A-47C6-97F0-C92D2AF20BA4}.Release|Windows-ARM.Build.0 = Release|Any CPU
		{CB18AFF8-CF3A-47C6-97F0-C92D2AF20BA4}.Release|Windows-x64.ActiveCfg = Release|Any CPU
		{CB18AFF8-CF3A-47C6-97F0-C92D2AF20BA4}.Release|Windows-x64.Build.0 = Release|Any CPU
		{CB18AFF8-CF3A-47C6-97F0-C92D2AF20BA4}.Release|Windows-x86.ActiveCfg = Release|Any CPU
		{CB18AFF8-CF3A-47C6-97F0-C92D2AF20BA4}.Release|Windows-x86.Build.0 = Release|Any CPU
		{CB18AFF8-CF3A-47C6-97F0-C92D2AF20BA4}.Release|x64.ActiveCfg = Release|Any CPU
		{CB18AFF8-CF3A-47C6-97F0-C92D2AF20BA4}.Release|x64.Build.0 = Release|Any CPU
		{CB18AFF8-CF3A-47C6-97F0-C92D2AF20BA4}.Release|x86.ActiveCfg = Release|Any CPU
		{CB18AFF8-CF3A-47C6-97F0-C92D2AF20BA4}.Release|x86.Build.0 = Release|Any CPU
		{980B6704-123B-4C87-A720-79E63F36ABB6}.Debug|Android.ActiveCfg = Debug|Any CPU
		{980B6704-123B-4C87-A720-79E63F36ABB6}.Debug|Android.Build.0 = Debug|Any CPU
		{980B6704-123B-4C87-A720-79E63F36ABB6}.Debug|Any CPU.ActiveCfg = Debug|Any CPU
		{980B6704-123B-4C87-A720-79E63F36ABB6}.Debug|Any CPU.Build.0 = Debug|Any CPU
		{980B6704-123B-4C87-A720-79E63F36ABB6}.Debug|ARM.ActiveCfg = Debug|Any CPU
		{980B6704-123B-4C87-A720-79E63F36ABB6}.Debug|ARM.Build.0 = Debug|Any CPU
		{980B6704-123B-4C87-A720-79E63F36ABB6}.Debug|iOS.ActiveCfg = Debug|Any CPU
		{980B6704-123B-4C87-A720-79E63F36ABB6}.Debug|iOS.Build.0 = Debug|Any CPU
		{980B6704-123B-4C87-A720-79E63F36ABB6}.Debug|Windows Phone (Universal).ActiveCfg = Debug|Any CPU
		{980B6704-123B-4C87-A720-79E63F36ABB6}.Debug|Windows Phone (Universal).Build.0 = Debug|Any CPU
		{980B6704-123B-4C87-A720-79E63F36ABB6}.Debug|Windows Phone 8.ActiveCfg = Debug|Any CPU
		{980B6704-123B-4C87-A720-79E63F36ABB6}.Debug|Windows Phone 8.Build.0 = Debug|Any CPU
		{980B6704-123B-4C87-A720-79E63F36ABB6}.Debug|Windows-AnyCPU.ActiveCfg = Debug|Any CPU
		{980B6704-123B-4C87-A720-79E63F36ABB6}.Debug|Windows-AnyCPU.Build.0 = Debug|Any CPU
		{980B6704-123B-4C87-A720-79E63F36ABB6}.Debug|Windows-ARM.ActiveCfg = Debug|Any CPU
		{980B6704-123B-4C87-A720-79E63F36ABB6}.Debug|Windows-ARM.Build.0 = Debug|Any CPU
		{980B6704-123B-4C87-A720-79E63F36ABB6}.Debug|Windows-x64.ActiveCfg = Debug|Any CPU
		{980B6704-123B-4C87-A720-79E63F36ABB6}.Debug|Windows-x64.Build.0 = Debug|Any CPU
		{980B6704-123B-4C87-A720-79E63F36ABB6}.Debug|Windows-x86.ActiveCfg = Debug|Any CPU
		{980B6704-123B-4C87-A720-79E63F36ABB6}.Debug|Windows-x86.Build.0 = Debug|Any CPU
		{980B6704-123B-4C87-A720-79E63F36ABB6}.Debug|x64.ActiveCfg = Debug|Any CPU
		{980B6704-123B-4C87-A720-79E63F36ABB6}.Debug|x64.Build.0 = Debug|Any CPU
		{980B6704-123B-4C87-A720-79E63F36ABB6}.Debug|x86.ActiveCfg = Debug|Any CPU
		{980B6704-123B-4C87-A720-79E63F36ABB6}.Debug|x86.Build.0 = Debug|Any CPU
		{980B6704-123B-4C87-A720-79E63F36ABB6}.Release|Android.ActiveCfg = Release|Any CPU
		{980B6704-123B-4C87-A720-79E63F36ABB6}.Release|Android.Build.0 = Release|Any CPU
		{980B6704-123B-4C87-A720-79E63F36ABB6}.Release|Any CPU.ActiveCfg = Release|Any CPU
		{980B6704-123B-4C87-A720-79E63F36ABB6}.Release|Any CPU.Build.0 = Release|Any CPU
		{980B6704-123B-4C87-A720-79E63F36ABB6}.Release|ARM.ActiveCfg = Release|Any CPU
		{980B6704-123B-4C87-A720-79E63F36ABB6}.Release|ARM.Build.0 = Release|Any CPU
		{980B6704-123B-4C87-A720-79E63F36ABB6}.Release|iOS.ActiveCfg = Release|Any CPU
		{980B6704-123B-4C87-A720-79E63F36ABB6}.Release|iOS.Build.0 = Release|Any CPU
		{980B6704-123B-4C87-A720-79E63F36ABB6}.Release|Windows Phone (Universal).ActiveCfg = Release|Any CPU
		{980B6704-123B-4C87-A720-79E63F36ABB6}.Release|Windows Phone (Universal).Build.0 = Release|Any CPU
		{980B6704-123B-4C87-A720-79E63F36ABB6}.Release|Windows Phone 8.ActiveCfg = Release|Any CPU
		{980B6704-123B-4C87-A720-79E63F36ABB6}.Release|Windows Phone 8.Build.0 = Release|Any CPU
		{980B6704-123B-4C87-A720-79E63F36ABB6}.Release|Windows-AnyCPU.ActiveCfg = Release|Any CPU
		{980B6704-123B-4C87-A720-79E63F36ABB6}.Release|Windows-AnyCPU.Build.0 = Release|Any CPU
		{980B6704-123B-4C87-A720-79E63F36ABB6}.Release|Windows-ARM.ActiveCfg = Release|Any CPU
		{980B6704-123B-4C87-A720-79E63F36ABB6}.Release|Windows-ARM.Build.0 = Release|Any CPU
		{980B6704-123B-4C87-A720-79E63F36ABB6}.Release|Windows-x64.ActiveCfg = Release|Any CPU
		{980B6704-123B-4C87-A720-79E63F36ABB6}.Release|Windows-x64.Build.0 = Release|Any CPU
		{980B6704-123B-4C87-A720-79E63F36ABB6}.Release|Windows-x86.ActiveCfg = Release|Any CPU
		{980B6704-123B-4C87-A720-79E63F36ABB6}.Release|Windows-x86.Build.0 = Release|Any CPU
		{980B6704-123B-4C87-A720-79E63F36ABB6}.Release|x64.ActiveCfg = Release|Any CPU
		{980B6704-123B-4C87-A720-79E63F36ABB6}.Release|x64.Build.0 = Release|Any CPU
		{980B6704-123B-4C87-A720-79E63F36ABB6}.Release|x86.ActiveCfg = Release|Any CPU
		{980B6704-123B-4C87-A720-79E63F36ABB6}.Release|x86.Build.0 = Release|Any CPU
		{632F103E-4F8D-454F-B4F2-2ACBFE62A304}.Debug|Android.ActiveCfg = Debug|Any CPU
		{632F103E-4F8D-454F-B4F2-2ACBFE62A304}.Debug|Any CPU.ActiveCfg = Debug|Any CPU
		{632F103E-4F8D-454F-B4F2-2ACBFE62A304}.Debug|Any CPU.Build.0 = Debug|Any CPU
		{632F103E-4F8D-454F-B4F2-2ACBFE62A304}.Debug|ARM.ActiveCfg = Debug|Any CPU
		{632F103E-4F8D-454F-B4F2-2ACBFE62A304}.Debug|ARM.Build.0 = Debug|Any CPU
		{632F103E-4F8D-454F-B4F2-2ACBFE62A304}.Debug|iOS.ActiveCfg = Debug|Any CPU
		{632F103E-4F8D-454F-B4F2-2ACBFE62A304}.Debug|Windows Phone (Universal).ActiveCfg = Debug|Any CPU
		{632F103E-4F8D-454F-B4F2-2ACBFE62A304}.Debug|Windows Phone 8.ActiveCfg = Debug|Any CPU
		{632F103E-4F8D-454F-B4F2-2ACBFE62A304}.Debug|Windows-AnyCPU.ActiveCfg = Debug|Any CPU
		{632F103E-4F8D-454F-B4F2-2ACBFE62A304}.Debug|Windows-ARM.ActiveCfg = Debug|Any CPU
		{632F103E-4F8D-454F-B4F2-2ACBFE62A304}.Debug|Windows-x64.ActiveCfg = Debug|Any CPU
		{632F103E-4F8D-454F-B4F2-2ACBFE62A304}.Debug|Windows-x86.ActiveCfg = Debug|Any CPU
		{632F103E-4F8D-454F-B4F2-2ACBFE62A304}.Debug|x64.ActiveCfg = Debug|Any CPU
		{632F103E-4F8D-454F-B4F2-2ACBFE62A304}.Debug|x64.Build.0 = Debug|Any CPU
		{632F103E-4F8D-454F-B4F2-2ACBFE62A304}.Debug|x86.ActiveCfg = Debug|Any CPU
		{632F103E-4F8D-454F-B4F2-2ACBFE62A304}.Debug|x86.Build.0 = Debug|Any CPU
		{632F103E-4F8D-454F-B4F2-2ACBFE62A304}.Release|Android.ActiveCfg = Release|Any CPU
		{632F103E-4F8D-454F-B4F2-2ACBFE62A304}.Release|Any CPU.ActiveCfg = Release|Any CPU
		{632F103E-4F8D-454F-B4F2-2ACBFE62A304}.Release|Any CPU.Build.0 = Release|Any CPU
		{632F103E-4F8D-454F-B4F2-2ACBFE62A304}.Release|ARM.ActiveCfg = Release|Any CPU
		{632F103E-4F8D-454F-B4F2-2ACBFE62A304}.Release|ARM.Build.0 = Release|Any CPU
		{632F103E-4F8D-454F-B4F2-2ACBFE62A304}.Release|iOS.ActiveCfg = Release|Any CPU
		{632F103E-4F8D-454F-B4F2-2ACBFE62A304}.Release|Windows Phone (Universal).ActiveCfg = Release|Any CPU
		{632F103E-4F8D-454F-B4F2-2ACBFE62A304}.Release|Windows Phone 8.ActiveCfg = Release|Any CPU
		{632F103E-4F8D-454F-B4F2-2ACBFE62A304}.Release|Windows-AnyCPU.ActiveCfg = Release|Any CPU
		{632F103E-4F8D-454F-B4F2-2ACBFE62A304}.Release|Windows-ARM.ActiveCfg = Release|Any CPU
		{632F103E-4F8D-454F-B4F2-2ACBFE62A304}.Release|Windows-x64.ActiveCfg = Release|Any CPU
		{632F103E-4F8D-454F-B4F2-2ACBFE62A304}.Release|Windows-x86.ActiveCfg = Release|Any CPU
		{632F103E-4F8D-454F-B4F2-2ACBFE62A304}.Release|x64.ActiveCfg = Release|Any CPU
		{632F103E-4F8D-454F-B4F2-2ACBFE62A304}.Release|x64.Build.0 = Release|Any CPU
		{632F103E-4F8D-454F-B4F2-2ACBFE62A304}.Release|x86.ActiveCfg = Release|Any CPU
		{632F103E-4F8D-454F-B4F2-2ACBFE62A304}.Release|x86.Build.0 = Release|Any CPU
		{6EA9EBC1-B081-497E-BE14-2562B68C722D}.Debug|Android.ActiveCfg = Debug|Android
		{6EA9EBC1-B081-497E-BE14-2562B68C722D}.Debug|Android.Build.0 = Debug|Android
		{6EA9EBC1-B081-497E-BE14-2562B68C722D}.Debug|Android.Deploy.0 = Debug|Android
		{6EA9EBC1-B081-497E-BE14-2562B68C722D}.Debug|Any CPU.ActiveCfg = Debug|Android
		{6EA9EBC1-B081-497E-BE14-2562B68C722D}.Debug|ARM.ActiveCfg = Debug|Windows-ARM
		{6EA9EBC1-B081-497E-BE14-2562B68C722D}.Debug|iOS.ActiveCfg = Debug|iOS
		{6EA9EBC1-B081-497E-BE14-2562B68C722D}.Debug|iOS.Build.0 = Debug|iOS
		{6EA9EBC1-B081-497E-BE14-2562B68C722D}.Debug|iOS.Deploy.0 = Debug|iOS
		{6EA9EBC1-B081-497E-BE14-2562B68C722D}.Debug|Windows Phone (Universal).ActiveCfg = Debug|Windows Phone (Universal)
		{6EA9EBC1-B081-497E-BE14-2562B68C722D}.Debug|Windows Phone (Universal).Build.0 = Debug|Windows Phone (Universal)
		{6EA9EBC1-B081-497E-BE14-2562B68C722D}.Debug|Windows Phone (Universal).Deploy.0 = Debug|Windows Phone (Universal)
		{6EA9EBC1-B081-497E-BE14-2562B68C722D}.Debug|Windows Phone 8.ActiveCfg = Debug|Windows Phone 8
		{6EA9EBC1-B081-497E-BE14-2562B68C722D}.Debug|Windows Phone 8.Build.0 = Debug|Windows Phone 8
		{6EA9EBC1-B081-497E-BE14-2562B68C722D}.Debug|Windows Phone 8.Deploy.0 = Debug|Windows Phone 8
		{6EA9EBC1-B081-497E-BE14-2562B68C722D}.Debug|Windows-AnyCPU.ActiveCfg = Debug|Windows-AnyCPU
		{6EA9EBC1-B081-497E-BE14-2562B68C722D}.Debug|Windows-AnyCPU.Build.0 = Debug|Windows-AnyCPU
		{6EA9EBC1-B081-497E-BE14-2562B68C722D}.Debug|Windows-AnyCPU.Deploy.0 = Debug|Windows-AnyCPU
		{6EA9EBC1-B081-497E-BE14-2562B68C722D}.Debug|Windows-ARM.ActiveCfg = Debug|Windows-ARM
		{6EA9EBC1-B081-497E-BE14-2562B68C722D}.Debug|Windows-ARM.Build.0 = Debug|Windows-ARM
		{6EA9EBC1-B081-497E-BE14-2562B68C722D}.Debug|Windows-ARM.Deploy.0 = Debug|Windows-ARM
		{6EA9EBC1-B081-497E-BE14-2562B68C722D}.Debug|Windows-x64.ActiveCfg = Debug|Windows-x64
		{6EA9EBC1-B081-497E-BE14-2562B68C722D}.Debug|Windows-x64.Build.0 = Debug|Windows-x64
		{6EA9EBC1-B081-497E-BE14-2562B68C722D}.Debug|Windows-x64.Deploy.0 = Debug|Windows-x64
		{6EA9EBC1-B081-497E-BE14-2562B68C722D}.Debug|Windows-x86.ActiveCfg = Debug|Windows-x86
		{6EA9EBC1-B081-497E-BE14-2562B68C722D}.Debug|Windows-x86.Build.0 = Debug|Windows-x86
		{6EA9EBC1-B081-497E-BE14-2562B68C722D}.Debug|Windows-x86.Deploy.0 = Debug|Windows-x86
		{6EA9EBC1-B081-497E-BE14-2562B68C722D}.Debug|x64.ActiveCfg = Debug|Windows-x64
		{6EA9EBC1-B081-497E-BE14-2562B68C722D}.Debug|x86.ActiveCfg = Debug|Windows-x86
		{6EA9EBC1-B081-497E-BE14-2562B68C722D}.Release|Android.ActiveCfg = Release|Android
		{6EA9EBC1-B081-497E-BE14-2562B68C722D}.Release|Android.Build.0 = Release|Android
		{6EA9EBC1-B081-497E-BE14-2562B68C722D}.Release|Android.Deploy.0 = Release|Android
		{6EA9EBC1-B081-497E-BE14-2562B68C722D}.Release|Any CPU.ActiveCfg = Release|Android
		{6EA9EBC1-B081-497E-BE14-2562B68C722D}.Release|ARM.ActiveCfg = Release|Windows-ARM
		{6EA9EBC1-B081-497E-BE14-2562B68C722D}.Release|iOS.ActiveCfg = Release|iOS
		{6EA9EBC1-B081-497E-BE14-2562B68C722D}.Release|iOS.Build.0 = Release|iOS
		{6EA9EBC1-B081-497E-BE14-2562B68C722D}.Release|iOS.Deploy.0 = Release|iOS
		{6EA9EBC1-B081-497E-BE14-2562B68C722D}.Release|Windows Phone (Universal).ActiveCfg = Release|Windows Phone (Universal)
		{6EA9EBC1-B081-497E-BE14-2562B68C722D}.Release|Windows Phone (Universal).Build.0 = Release|Windows Phone (Universal)
		{6EA9EBC1-B081-497E-BE14-2562B68C722D}.Release|Windows Phone (Universal).Deploy.0 = Release|Windows Phone (Universal)
		{6EA9EBC1-B081-497E-BE14-2562B68C722D}.Release|Windows Phone 8.ActiveCfg = Release|Windows Phone 8
		{6EA9EBC1-B081-497E-BE14-2562B68C722D}.Release|Windows Phone 8.Build.0 = Release|Windows Phone 8
		{6EA9EBC1-B081-497E-BE14-2562B68C722D}.Release|Windows Phone 8.Deploy.0 = Release|Windows Phone 8
		{6EA9EBC1-B081-497E-BE14-2562B68C722D}.Release|Windows-AnyCPU.ActiveCfg = Release|Windows-AnyCPU
		{6EA9EBC1-B081-497E-BE14-2562B68C722D}.Release|Windows-AnyCPU.Build.0 = Release|Windows-AnyCPU
		{6EA9EBC1-B081-497E-BE14-2562B68C722D}.Release|Windows-AnyCPU.Deploy.0 = Release|Windows-AnyCPU
		{6EA9EBC1-B081-497E-BE14-2562B68C722D}.Release|Windows-ARM.ActiveCfg = Release|Windows-ARM
		{6EA9EBC1-B081-497E-BE14-2562B68C722D}.Release|Windows-ARM.Build.0 = Release|Windows-ARM
		{6EA9EBC1-B081-497E-BE14-2562B68C722D}.Release|Windows-ARM.Deploy.0 = Release|Windows-ARM
		{6EA9EBC1-B081-497E-BE14-2562B68C722D}.Release|Windows-x64.ActiveCfg = Release|Windows-x64
		{6EA9EBC1-B081-497E-BE14-2562B68C722D}.Release|Windows-x64.Build.0 = Release|Windows-x64
		{6EA9EBC1-B081-497E-BE14-2562B68C722D}.Release|Windows-x64.Deploy.0 = Release|Windows-x64
		{6EA9EBC1-B081-497E-BE14-2562B68C722D}.Release|Windows-x86.ActiveCfg = Release|Windows-x86
		{6EA9EBC1-B081-497E-BE14-2562B68C722D}.Release|Windows-x86.Build.0 = Release|Windows-x86
		{6EA9EBC1-B081-497E-BE14-2562B68C722D}.Release|Windows-x86.Deploy.0 = Release|Windows-x86
		{6EA9EBC1-B081-497E-BE14-2562B68C722D}.Release|x64.ActiveCfg = Release|Windows-x64
		{6EA9EBC1-B081-497E-BE14-2562B68C722D}.Release|x86.ActiveCfg = Release|Windows-x86
	EndGlobalSection
	GlobalSection(SolutionProperties) = preSolution
		HideSolutionNode = FALSE
	EndGlobalSection
EndGlobal
