
Microsoft Visual Studio Solution File, Format Version 12.00
# Visual Studio 14
VisualStudioVersion = 14.0.24720.0
MinimumVisualStudioVersion = 10.0.40219.1
Project("{F5034706-568F-408A-B7B3-4D38C6DB8A32}") = "PT.PointOne.PowerShell.Lightning", "PT.PointOne.PowerShell.Lightning\PT.PointOne.PowerShell.Lightning.pssproj", "{6CAFC0C6-A428-4D30-A9F9-700E829FEA51}"
EndProject
Project("{2150E333-8FDC-42A3-9474-1A3956D46DE8}") = "Resources", "Resources", "{4B3EAA97-A0A8-4DB8-AA51-8045CCD32C2E}"
	ProjectSection(SolutionItems) = preProject
		Resources\Superheroes.txt = Resources\Superheroes.txt
	EndProjectSection
EndProject
Project("{F5034706-568F-408A-B7B3-4D38C6DB8A32}") = "PT.PointOne.PowerShell", "PT.PointOne.PowerShell\PT.PointOne.PowerShell.pssproj", "{CB18AFF8-CF3A-47C6-97F0-C92D2AF20BA4}"
EndProject
Project("{262852C6-CD72-467D-83FE-5EEB1973A190}") = "PT.PointOne.MobileApp", "PT.PointOne.MobileApp\PT.PointOne.MobileApp.jsproj", "{6EA9EBC1-B081-497E-BE14-2562B68C722D}"
EndProject
Project("{FAE04EC0-301F-11D3-BF4B-00C04F79EFBC}") = "PT.PointOne.WebAPI", "PT.PointOne.WebAPI\PT.PointOne.WebAPI.csproj", "{03BC7361-1696-4D39-87E4-A456A6B21D2E}"
EndProject
Project("{FAE04EC0-301F-11D3-BF4B-00C04F79EFBC}") = "PT.PointOne.Beer", "PT.PointOne.Beer\PT.PointOne.Beer.csproj", "{AFC46105-26C2-456A-83B4-3936D004A8C5}"
EndProject
Project("{FAE04EC0-301F-11D3-BF4B-00C04F79EFBC}") = "PT.PointOne.IOT", "PT.PointOne.IOT\PT.PointOne.IOT.csproj", "{48C54EEB-B49E-47C7-B102-528485A70972}"
EndProject
Project("{FAE04EC0-301F-11D3-BF4B-00C04F79EFBC}") = "PT.PointOne.Outlook", "PT.PointOne.Outlook\PT.PointOne.Outlook.csproj", "{9A70DCB5-EF25-4B59-953D-E00AAE0E8AED}"
EndProject
Project("{FAE04EC0-301F-11D3-BF4B-00C04F79EFBC}") = "PT.PointOne.Graph", "PT.PointOne.Graph\PT.PointOne.Graph.csproj", "{6FD231B7-DFE6-42C2-A06F-DC0F181C8CD7}"
EndProject
Project("{FAE04EC0-301F-11D3-BF4B-00C04F79EFBC}") = "PT.PointOne.GraphWeb", "PT.PointOne.GraphWeb\PT.PointOne.GraphWeb.csproj", "{583D3C0E-BC3D-450C-B58C-C8ABBBABD9D8}"
EndProject
Global
	GlobalSection(SolutionConfigurationPlatforms) = preSolution
		Debug|Android = Debug|Android
		Debug|Any CPU = Debug|Any CPU
		Debug|ARM = Debug|ARM
		Debug|iOS = Debug|iOS
		Debug|Windows Phone (Universal) = Debug|Windows Phone (Universal)
		Debug|Windows Phone 8 = Debug|Windows Phone 8
		Debug|Windows-AnyCPU = Debug|Windows-AnyCPU
		Debug|Windows-ARM = Debug|Windows-ARM
		Debug|Windows-x64 = Debug|Windows-x64
		Debug|Windows-x86 = Debug|Windows-x86
		Debug|x64 = Debug|x64
		Debug|x86 = Debug|x86
		Release|Android = Release|Android
		Release|Any CPU = Release|Any CPU
		Release|ARM = Release|ARM
		Release|iOS = Release|iOS
		Release|Windows Phone (Universal) = Release|Windows Phone (Universal)
		Release|Windows Phone 8 = Release|Windows Phone 8
		Release|Windows-AnyCPU = Release|Windows-AnyCPU
		Release|Windows-ARM = Release|Windows-ARM
		Release|Windows-x64 = Release|Windows-x64
		Release|Windows-x86 = Release|Windows-x86
		Release|x64 = Release|x64
		Release|x86 = Release|x86
	EndGlobalSection
	GlobalSection(ProjectConfigurationPlatforms) = postSolution
		{6CAFC0C6-A428-4D30-A9F9-700E829FEA51}.Debug|Android.ActiveCfg = Debug|Any CPU
		{6CAFC0C6-A428-4D30-A9F9-700E829FEA51}.Debug|Android.Build.0 = Debug|Any CPU
		{6CAFC0C6-A428-4D30-A9F9-700E829FEA51}.Debug|Any CPU.ActiveCfg = Debug|Any CPU
		{6CAFC0C6-A428-4D30-A9F9-700E829FEA51}.Debug|Any CPU.Build.0 = Debug|Any CPU
		{6CAFC0C6-A428-4D30-A9F9-700E829FEA51}.Debug|ARM.ActiveCfg = Debug|Any CPU
		{6CAFC0C6-A428-4D30-A9F9-700E829FEA51}.Debug|ARM.Build.0 = Debug|Any CPU
		{6CAFC0C6-A428-4D30-A9F9-700E829FEA51}.Debug|iOS.ActiveCfg = Debug|Any CPU
		{6CAFC0C6-A428-4D30-A9F9-700E829FEA51}.Debug|iOS.Build.0 = Debug|Any CPU
		{6CAFC0C6-A428-4D30-A9F9-700E829FEA51}.Debug|Windows Phone (Universal).ActiveCfg = Debug|Any CPU
		{6CAFC0C6-A428-4D30-A9F9-700E829FEA51}.Debug|Windows Phone (Universal).Build.0 = Debug|Any CPU
		{6CAFC0C6-A428-4D30-A9F9-700E829FEA51}.Debug|Windows Phone 8.ActiveCfg = Debug|Any CPU
		{6CAFC0C6-A428-4D30-A9F9-700E829FEA51}.Debug|Windows Phone 8.Build.0 = Debug|Any CPU
		{6CAFC0C6-A428-4D30-A9F9-700E829FEA51}.Debug|Windows-AnyCPU.ActiveCfg = Debug|Any CPU
		{6CAFC0C6-A428-4D30-A9F9-700E829FEA51}.Debug|Windows-AnyCPU.Build.0 = Debug|Any CPU
		{6CAFC0C6-A428-4D30-A9F9-700E829FEA51}.Debug|Windows-ARM.ActiveCfg = Debug|Any CPU
		{6CAFC0C6-A428-4D30-A9F9-700E829FEA51}.Debug|Windows-ARM.Build.0 = Debug|Any CPU
		{6CAFC0C6-A428-4D30-A9F9-700E829FEA51}.Debug|Windows-x64.ActiveCfg = Debug|Any CPU
		{6CAFC0C6-A428-4D30-A9F9-700E829FEA51}.Debug|Windows-x64.Build.0 = Debug|Any CPU
		{6CAFC0C6-A428-4D30-A9F9-700E829FEA51}.Debug|Windows-x86.ActiveCfg = Debug|Any CPU
		{6CAFC0C6-A428-4D30-A9F9-700E829FEA51}.Debug|Windows-x86.Build.0 = Debug|Any CPU
		{6CAFC0C6-A428-4D30-A9F9-700E829FEA51}.Debug|x64.ActiveCfg = Debug|Any CPU
		{6CAFC0C6-A428-4D30-A9F9-700E829FEA51}.Debug|x64.Build.0 = Debug|Any CPU
		{6CAFC0C6-A428-4D30-A9F9-700E829FEA51}.Debug|x86.ActiveCfg = Debug|Any CPU
		{6CAFC0C6-A428-4D30-A9F9-700E829FEA51}.Debug|x86.Build.0 = Debug|Any CPU
		{6CAFC0C6-A428-4D30-A9F9-700E829FEA51}.Release|Android.ActiveCfg = Release|Any CPU
		{6CAFC0C6-A428-4D30-A9F9-700E829FEA51}.Release|Android.Build.0 = Release|Any CPU
		{6CAFC0C6-A428-4D30-A9F9-700E829FEA51}.Release|Any CPU.ActiveCfg = Release|Any CPU
		{6CAFC0C6-A428-4D30-A9F9-700E829FEA51}.Release|Any CPU.Build.0 = Release|Any CPU
		{6CAFC0C6-A428-4D30-A9F9-700E829FEA51}.Release|ARM.ActiveCfg = Release|Any CPU
		{6CAFC0C6-A428-4D30-A9F9-700E829FEA51}.Release|ARM.Build.0 = Release|Any CPU
		{6CAFC0C6-A428-4D30-A9F9-700E829FEA51}.Release|iOS.ActiveCfg = Release|Any CPU
		{6CAFC0C6-A428-4D30-A9F9-700E829FEA51}.Release|iOS.Build.0 = Release|Any CPU
		{6CAFC0C6-A428-4D30-A9F9-700E829FEA51}.Release|Windows Phone (Universal).ActiveCfg = Release|Any CPU
		{6CAFC0C6-A428-4D30-A9F9-700E829FEA51}.Release|Windows Phone (Universal).Build.0 = Release|Any CPU
		{6CAFC0C6-A428-4D30-A9F9-700E829FEA51}.Release|Windows Phone 8.ActiveCfg = Release|Any CPU
		{6CAFC0C6-A428-4D30-A9F9-700E829FEA51}.Release|Windows Phone 8.Build.0 = Release|Any CPU
		{6CAFC0C6-A428-4D30-A9F9-700E829FEA51}.Release|Windows-AnyCPU.ActiveCfg = Release|Any CPU
		{6CAFC0C6-A428-4D30-A9F9-700E829FEA51}.Release|Windows-AnyCPU.Build.0 = Release|Any CPU
		{6CAFC0C6-A428-4D30-A9F9-700E829FEA51}.Release|Windows-ARM.ActiveCfg = Release|Any CPU
		{6CAFC0C6-A428-4D30-A9F9-700E829FEA51}.Release|Windows-ARM.Build.0 = Release|Any CPU
		{6CAFC0C6-A428-4D30-A9F9-700E829FEA51}.Release|Windows-x64.ActiveCfg = Release|Any CPU
		{6CAFC0C6-A428-4D30-A9F9-700E829FEA51}.Release|Windows-x64.Build.0 = Release|Any CPU
		{6CAFC0C6-A428-4D30-A9F9-700E829FEA51}.Release|Windows-x86.ActiveCfg = Release|Any CPU
		{6CAFC0C6-A428-4D30-A9F9-700E829FEA51}.Release|Windows-x86.Build.0 = Release|Any CPU
		{6CAFC0C6-A428-4D30-A9F9-700E829FEA51}.Release|x64.ActiveCfg = Release|Any CPU
		{6CAFC0C6-A428-4D30-A9F9-700E829FEA51}.Release|x64.Build.0 = Release|Any CPU
		{6CAFC0C6-A428-4D30-A9F9-700E829FEA51}.Release|x86.ActiveCfg = Release|Any CPU
		{6CAFC0C6-A428-4D30-A9F9-700E829FEA51}.Release|x86.Build.0 = Release|Any CPU
		{CB18AFF8-CF3A-47C6-97F0-C92D2AF20BA4}.Debug|Android.ActiveCfg = Debug|Any CPU
		{CB18AFF8-CF3A-47C6-97F0-C92D2AF20BA4}.Debug|Android.Build.0 = Debug|Any CPU
		{CB18AFF8-CF3A-47C6-97F0-C92D2AF20BA4}.Debug|Any CPU.ActiveCfg = Debug|Any CPU
		{CB18AFF8-CF3A-47C6-97F0-C92D2AF20BA4}.Debug|Any CPU.Build.0 = Debug|Any CPU
		{CB18AFF8-CF3A-47C6-97F0-C92D2AF20BA4}.Debug|ARM.ActiveCfg = Debug|Any CPU
		{CB18AFF8-CF3A-47C6-97F0-C92D2AF20BA4}.Debug|ARM.Build.0 = Debug|Any CPU
		{CB18AFF8-CF3A-47C6-97F0-C92D2AF20BA4}.Debug|iOS.ActiveCfg = Debug|Any CPU
		{CB18AFF8-CF3A-47C6-97F0-C92D2AF20BA4}.Debug|iOS.Build.0 = Debug|Any CPU
		{CB18AFF8-CF3A-47C6-97F0-C92D2AF20BA4}.Debug|Windows Phone (Universal).ActiveCfg = Debug|Any CPU
		{CB18AFF8-CF3A-47C6-97F0-C92D2AF20BA4}.Debug|Windows Phone (Universal).Build.0 = Debug|Any CPU
		{CB18AFF8-CF3A-47C6-97F0-C92D2AF20BA4}.Debug|Windows Phone 8.ActiveCfg = Debug|Any CPU
		{CB18AFF8-CF3A-47C6-97F0-C92D2AF20BA4}.Debug|Windows Phone 8.Build.0 = Debug|Any CPU
		{CB18AFF8-CF3A-47C6-97F0-C92D2AF20BA4}.Debug|Windows-AnyCPU.ActiveCfg = Debug|Any CPU
		{CB18AFF8-CF3A-47C6-97F0-C92D2AF20BA4}.Debug|Windows-AnyCPU.Build.0 = Debug|Any CPU
		{CB18AFF8-CF3A-47C6-97F0-C92D2AF20BA4}.Debug|Windows-ARM.ActiveCfg = Debug|Any CPU
		{CB18AFF8-CF3A-47C6-97F0-C92D2AF20BA4}.Debug|Windows-ARM.Build.0 = Debug|Any CPU
		{CB18AFF8-CF3A-47C6-97F0-C92D2AF20BA4}.Debug|Windows-x64.ActiveCfg = Debug|Any CPU
		{CB18AFF8-CF3A-47C6-97F0-C92D2AF20BA4}.Debug|Windows-x64.Build.0 = Debug|Any CPU
		{CB18AFF8-CF3A-47C6-97F0-C92D2AF20BA4}.Debug|Windows-x86.ActiveCfg = Debug|Any CPU
		{CB18AFF8-CF3A-47C6-97F0-C92D2AF20BA4}.Debug|Windows-x86.Build.0 = Debug|Any CPU
		{CB18AFF8-CF3A-47C6-97F0-C92D2AF20BA4}.Debug|x64.ActiveCfg = Debug|Any CPU
		{CB18AFF8-CF3A-47C6-97F0-C92D2AF20BA4}.Debug|x64.Build.0 = Debug|Any CPU
		{CB18AFF8-CF3A-47C6-97F0-C92D2AF20BA4}.Debug|x86.ActiveCfg = Debug|Any CPU
		{CB18AFF8-CF3A-47C6-97F0-C92D2AF20BA4}.Debug|x86.Build.0 = Debug|Any CPU
		{CB18AFF8-CF3A-47C6-97F0-C92D2AF20BA4}.Release|Android.ActiveCfg = Release|Any CPU
		{CB18AFF8-CF3A-47C6-97F0-C92D2AF20BA4}.Release|Android.Build.0 = Release|Any CPU
		{CB18AFF8-CF3A-47C6-97F0-C92D2AF20BA4}.Release|Any CPU.ActiveCfg = Release|Any CPU
		{CB18AFF8-CF3A-47C6-97F0-C92D2AF20BA4}.Release|Any CPU.Build.0 = Release|Any CPU
		{CB18AFF8-CF3A-47C6-97F0-C92D2AF20BA4}.Release|ARM.ActiveCfg = Release|Any CPU
		{CB18AFF8-CF3A-47C6-97F0-C92D2AF20BA4}.Release|ARM.Build.0 = Release|Any CPU
		{CB18AFF8-CF3A-47C6-97F0-C92D2AF20BA4}.Release|iOS.ActiveCfg = Release|Any CPU
		{CB18AFF8-CF3A-47C6-97F0-C92D2AF20BA4}.Release|iOS.Build.0 = Release|Any CPU
		{CB18AFF8-CF3A-47C6-97F0-C92D2AF20BA4}.Release|Windows Phone (Universal).ActiveCfg = Release|Any CPU
		{CB18AFF8-CF3A-47C6-97F0-C92D2AF20BA4}.Release|Windows Phone (Universal).Build.0 = Release|Any CPU
		{CB18AFF8-CF3A-47C6-97F0-C92D2AF20BA4}.Release|Windows Phone 8.ActiveCfg = Release|Any CPU
		{CB18AFF8-CF3A-47C6-97F0-C92D2AF20BA4}.Release|Windows Phone 8.Build.0 = Release|Any CPU
		{CB18AFF8-CF3A-47C6-97F0-C92D2AF20BA4}.Release|Windows-AnyCPU.ActiveCfg = Release|Any CPU
		{CB18AFF8-CF3A-47C6-97F0-C92D2AF20BA4}.Release|Windows-AnyCPU.Build.0 = Release|Any CPU
		{CB18AFF8-CF3A-47C6-97F0-C92D2AF20BA4}.Release|Windows-ARM.ActiveCfg = Release|Any CPU
		{CB18AFF8-CF3A-47C6-97F0-C92D2AF20BA4}.Release|Windows-ARM.Build.0 = Release|Any CPU
		{CB18AFF8-CF3A-47C6-97F0-C92D2AF20BA4}.Release|Windows-x64.ActiveCfg = Release|Any CPU
		{CB18AFF8-CF3A-47C6-97F0-C92D2AF20BA4}.Release|Windows-x64.Build.0 = Release|Any CPU
		{CB18AFF8-CF3A-47C6-97F0-C92D2AF20BA4}.Release|Windows-x86.ActiveCfg = Release|Any CPU
		{CB18AFF8-CF3A-47C6-97F0-C92D2AF20BA4}.Release|Windows-x86.Build.0 = Release|Any CPU
		{CB18AFF8-CF3A-47C6-97F0-C92D2AF20BA4}.Release|x64.ActiveCfg = Release|Any CPU
		{CB18AFF8-CF3A-47C6-97F0-C92D2AF20BA4}.Release|x64.Build.0 = Release|Any CPU
		{CB18AFF8-CF3A-47C6-97F0-C92D2AF20BA4}.Release|x86.ActiveCfg = Release|Any CPU
		{CB18AFF8-CF3A-47C6-97F0-C92D2AF20BA4}.Release|x86.Build.0 = Release|Any CPU
		{6EA9EBC1-B081-497E-BE14-2562B68C722D}.Debug|Android.ActiveCfg = Debug|Android
		{6EA9EBC1-B081-497E-BE14-2562B68C722D}.Debug|Android.Build.0 = Debug|Android
		{6EA9EBC1-B081-497E-BE14-2562B68C722D}.Debug|Android.Deploy.0 = Debug|Android
		{6EA9EBC1-B081-497E-BE14-2562B68C722D}.Debug|Any CPU.ActiveCfg = Debug|Android
		{6EA9EBC1-B081-497E-BE14-2562B68C722D}.Debug|ARM.ActiveCfg = Debug|Windows-ARM
		{6EA9EBC1-B081-497E-BE14-2562B68C722D}.Debug|iOS.ActiveCfg = Debug|iOS
		{6EA9EBC1-B081-497E-BE14-2562B68C722D}.Debug|iOS.Build.0 = Debug|iOS
		{6EA9EBC1-B081-497E-BE14-2562B68C722D}.Debug|iOS.Deploy.0 = Debug|iOS
		{6EA9EBC1-B081-497E-BE14-2562B68C722D}.Debug|Windows Phone (Universal).ActiveCfg = Debug|Windows Phone (Universal)
		{6EA9EBC1-B081-497E-BE14-2562B68C722D}.Debug|Windows Phone (Universal).Build.0 = Debug|Windows Phone (Universal)
		{6EA9EBC1-B081-497E-BE14-2562B68C722D}.Debug|Windows Phone (Universal).Deploy.0 = Debug|Windows Phone (Universal)
		{6EA9EBC1-B081-497E-BE14-2562B68C722D}.Debug|Windows Phone 8.ActiveCfg = Debug|Windows Phone 8
		{6EA9EBC1-B081-497E-BE14-2562B68C722D}.Debug|Windows Phone 8.Build.0 = Debug|Windows Phone 8
		{6EA9EBC1-B081-497E-BE14-2562B68C722D}.Debug|Windows Phone 8.Deploy.0 = Debug|Windows Phone 8
		{6EA9EBC1-B081-497E-BE14-2562B68C722D}.Debug|Windows-AnyCPU.ActiveCfg = Debug|Windows-AnyCPU
		{6EA9EBC1-B081-497E-BE14-2562B68C722D}.Debug|Windows-AnyCPU.Build.0 = Debug|Windows-AnyCPU
		{6EA9EBC1-B081-497E-BE14-2562B68C722D}.Debug|Windows-AnyCPU.Deploy.0 = Debug|Windows-AnyCPU
		{6EA9EBC1-B081-497E-BE14-2562B68C722D}.Debug|Windows-ARM.ActiveCfg = Debug|Windows-ARM
		{6EA9EBC1-B081-497E-BE14-2562B68C722D}.Debug|Windows-ARM.Build.0 = Debug|Windows-ARM
		{6EA9EBC1-B081-497E-BE14-2562B68C722D}.Debug|Windows-ARM.Deploy.0 = Debug|Windows-ARM
		{6EA9EBC1-B081-497E-BE14-2562B68C722D}.Debug|Windows-x64.ActiveCfg = Debug|Windows-x64
		{6EA9EBC1-B081-497E-BE14-2562B68C722D}.Debug|Windows-x64.Build.0 = Debug|Windows-x64
		{6EA9EBC1-B081-497E-BE14-2562B68C722D}.Debug|Windows-x64.Deploy.0 = Debug|Windows-x64
		{6EA9EBC1-B081-497E-BE14-2562B68C722D}.Debug|Windows-x86.ActiveCfg = Debug|Windows-x86
		{6EA9EBC1-B081-497E-BE14-2562B68C722D}.Debug|Windows-x86.Build.0 = Debug|Windows-x86
		{6EA9EBC1-B081-497E-BE14-2562B68C722D}.Debug|Windows-x86.Deploy.0 = Debug|Windows-x86
		{6EA9EBC1-B081-497E-BE14-2562B68C722D}.Debug|x64.ActiveCfg = Debug|Windows-x64
		{6EA9EBC1-B081-497E-BE14-2562B68C722D}.Debug|x86.ActiveCfg = Debug|Windows-x86
		{6EA9EBC1-B081-497E-BE14-2562B68C722D}.Release|Android.ActiveCfg = Release|Android
		{6EA9EBC1-B081-497E-BE14-2562B68C722D}.Release|Android.Build.0 = Release|Android
		{6EA9EBC1-B081-497E-BE14-2562B68C722D}.Release|Android.Deploy.0 = Release|Android
		{6EA9EBC1-B081-497E-BE14-2562B68C722D}.Release|Any CPU.ActiveCfg = Release|Android
		{6EA9EBC1-B081-497E-BE14-2562B68C722D}.Release|ARM.ActiveCfg = Release|Windows-ARM
		{6EA9EBC1-B081-497E-BE14-2562B68C722D}.Release|iOS.ActiveCfg = Release|iOS
		{6EA9EBC1-B081-497E-BE14-2562B68C722D}.Release|iOS.Build.0 = Release|iOS
		{6EA9EBC1-B081-497E-BE14-2562B68C722D}.Release|iOS.Deploy.0 = Release|iOS
		{6EA9EBC1-B081-497E-BE14-2562B68C722D}.Release|Windows Phone (Universal).ActiveCfg = Release|Windows Phone (Universal)
		{6EA9EBC1-B081-497E-BE14-2562B68C722D}.Release|Windows Phone (Universal).Build.0 = Release|Windows Phone (Universal)
		{6EA9EBC1-B081-497E-BE14-2562B68C722D}.Release|Windows Phone (Universal).Deploy.0 = Release|Windows Phone (Universal)
		{6EA9EBC1-B081-497E-BE14-2562B68C722D}.Release|Windows Phone 8.ActiveCfg = Release|Windows Phone 8
		{6EA9EBC1-B081-497E-BE14-2562B68C722D}.Release|Windows Phone 8.Build.0 = Release|Windows Phone 8
		{6EA9EBC1-B081-497E-BE14-2562B68C722D}.Release|Windows Phone 8.Deploy.0 = Release|Windows Phone 8
		{6EA9EBC1-B081-497E-BE14-2562B68C722D}.Release|Windows-AnyCPU.ActiveCfg = Release|Windows-AnyCPU
		{6EA9EBC1-B081-497E-BE14-2562B68C722D}.Release|Windows-AnyCPU.Build.0 = Release|Windows-AnyCPU
		{6EA9EBC1-B081-497E-BE14-2562B68C722D}.Release|Windows-AnyCPU.Deploy.0 = Release|Windows-AnyCPU
		{6EA9EBC1-B081-497E-BE14-2562B68C722D}.Release|Windows-ARM.ActiveCfg = Release|Windows-ARM
		{6EA9EBC1-B081-497E-BE14-2562B68C722D}.Release|Windows-ARM.Build.0 = Release|Windows-ARM
		{6EA9EBC1-B081-497E-BE14-2562B68C722D}.Release|Windows-ARM.Deploy.0 = Release|Windows-ARM
		{6EA9EBC1-B081-497E-BE14-2562B68C722D}.Release|Windows-x64.ActiveCfg = Release|Windows-x64
		{6EA9EBC1-B081-497E-BE14-2562B68C722D}.Release|Windows-x64.Build.0 = Release|Windows-x64
		{6EA9EBC1-B081-497E-BE14-2562B68C722D}.Release|Windows-x64.Deploy.0 = Release|Windows-x64
		{6EA9EBC1-B081-497E-BE14-2562B68C722D}.Release|Windows-x86.ActiveCfg = Release|Windows-x86
		{6EA9EBC1-B081-497E-BE14-2562B68C722D}.Release|Windows-x86.Build.0 = Release|Windows-x86
		{6EA9EBC1-B081-497E-BE14-2562B68C722D}.Release|Windows-x86.Deploy.0 = Release|Windows-x86
		{6EA9EBC1-B081-497E-BE14-2562B68C722D}.Release|x64.ActiveCfg = Release|Windows-x64
		{6EA9EBC1-B081-497E-BE14-2562B68C722D}.Release|x86.ActiveCfg = Release|Windows-x86
		{03BC7361-1696-4D39-87E4-A456A6B21D2E}.Debug|Android.ActiveCfg = Debug|Any CPU
		{03BC7361-1696-4D39-87E4-A456A6B21D2E}.Debug|Android.Build.0 = Debug|Any CPU
		{03BC7361-1696-4D39-87E4-A456A6B21D2E}.Debug|Any CPU.ActiveCfg = Debug|Any CPU
		{03BC7361-1696-4D39-87E4-A456A6B21D2E}.Debug|Any CPU.Build.0 = Debug|Any CPU
		{03BC7361-1696-4D39-87E4-A456A6B21D2E}.Debug|ARM.ActiveCfg = Debug|Any CPU
		{03BC7361-1696-4D39-87E4-A456A6B21D2E}.Debug|ARM.Build.0 = Debug|Any CPU
		{03BC7361-1696-4D39-87E4-A456A6B21D2E}.Debug|iOS.ActiveCfg = Debug|Any CPU
		{03BC7361-1696-4D39-87E4-A456A6B21D2E}.Debug|iOS.Build.0 = Debug|Any CPU
		{03BC7361-1696-4D39-87E4-A456A6B21D2E}.Debug|Windows Phone (Universal).ActiveCfg = Debug|Any CPU
		{03BC7361-1696-4D39-87E4-A456A6B21D2E}.Debug|Windows Phone (Universal).Build.0 = Debug|Any CPU
		{03BC7361-1696-4D39-87E4-A456A6B21D2E}.Debug|Windows Phone 8.ActiveCfg = Debug|Any CPU
		{03BC7361-1696-4D39-87E4-A456A6B21D2E}.Debug|Windows Phone 8.Build.0 = Debug|Any CPU
		{03BC7361-1696-4D39-87E4-A456A6B21D2E}.Debug|Windows-AnyCPU.ActiveCfg = Debug|Any CPU
		{03BC7361-1696-4D39-87E4-A456A6B21D2E}.Debug|Windows-AnyCPU.Build.0 = Debug|Any CPU
		{03BC7361-1696-4D39-87E4-A456A6B21D2E}.Debug|Windows-ARM.ActiveCfg = Debug|Any CPU
		{03BC7361-1696-4D39-87E4-A456A6B21D2E}.Debug|Windows-ARM.Build.0 = Debug|Any CPU
		{03BC7361-1696-4D39-87E4-A456A6B21D2E}.Debug|Windows-x64.ActiveCfg = Debug|Any CPU
		{03BC7361-1696-4D39-87E4-A456A6B21D2E}.Debug|Windows-x64.Build.0 = Debug|Any CPU
		{03BC7361-1696-4D39-87E4-A456A6B21D2E}.Debug|Windows-x86.ActiveCfg = Debug|Any CPU
		{03BC7361-1696-4D39-87E4-A456A6B21D2E}.Debug|Windows-x86.Build.0 = Debug|Any CPU
		{03BC7361-1696-4D39-87E4-A456A6B21D2E}.Debug|x64.ActiveCfg = Debug|Any CPU
		{03BC7361-1696-4D39-87E4-A456A6B21D2E}.Debug|x64.Build.0 = Debug|Any CPU
		{03BC7361-1696-4D39-87E4-A456A6B21D2E}.Debug|x86.ActiveCfg = Debug|Any CPU
		{03BC7361-1696-4D39-87E4-A456A6B21D2E}.Debug|x86.Build.0 = Debug|Any CPU
		{03BC7361-1696-4D39-87E4-A456A6B21D2E}.Release|Android.ActiveCfg = Release|Any CPU
		{03BC7361-1696-4D39-87E4-A456A6B21D2E}.Release|Android.Build.0 = Release|Any CPU
		{03BC7361-1696-4D39-87E4-A456A6B21D2E}.Release|Any CPU.ActiveCfg = Release|Any CPU
		{03BC7361-1696-4D39-87E4-A456A6B21D2E}.Release|Any CPU.Build.0 = Release|Any CPU
		{03BC7361-1696-4D39-87E4-A456A6B21D2E}.Release|ARM.ActiveCfg = Release|Any CPU
		{03BC7361-1696-4D39-87E4-A456A6B21D2E}.Release|ARM.Build.0 = Release|Any CPU
		{03BC7361-1696-4D39-87E4-A456A6B21D2E}.Release|iOS.ActiveCfg = Release|Any CPU
		{03BC7361-1696-4D39-87E4-A456A6B21D2E}.Release|iOS.Build.0 = Release|Any CPU
		{03BC7361-1696-4D39-87E4-A456A6B21D2E}.Release|Windows Phone (Universal).ActiveCfg = Release|Any CPU
		{03BC7361-1696-4D39-87E4-A456A6B21D2E}.Release|Windows Phone (Universal).Build.0 = Release|Any CPU
		{03BC7361-1696-4D39-87E4-A456A6B21D2E}.Release|Windows Phone 8.ActiveCfg = Release|Any CPU
		{03BC7361-1696-4D39-87E4-A456A6B21D2E}.Release|Windows Phone 8.Build.0 = Release|Any CPU
		{03BC7361-1696-4D39-87E4-A456A6B21D2E}.Release|Windows-AnyCPU.ActiveCfg = Release|Any CPU
		{03BC7361-1696-4D39-87E4-A456A6B21D2E}.Release|Windows-AnyCPU.Build.0 = Release|Any CPU
		{03BC7361-1696-4D39-87E4-A456A6B21D2E}.Release|Windows-ARM.ActiveCfg = Release|Any CPU
		{03BC7361-1696-4D39-87E4-A456A6B21D2E}.Release|Windows-ARM.Build.0 = Release|Any CPU
		{03BC7361-1696-4D39-87E4-A456A6B21D2E}.Release|Windows-x64.ActiveCfg = Release|Any CPU
		{03BC7361-1696-4D39-87E4-A456A6B21D2E}.Release|Windows-x64.Build.0 = Release|Any CPU
		{03BC7361-1696-4D39-87E4-A456A6B21D2E}.Release|Windows-x86.ActiveCfg = Release|Any CPU
		{03BC7361-1696-4D39-87E4-A456A6B21D2E}.Release|Windows-x86.Build.0 = Release|Any CPU
		{03BC7361-1696-4D39-87E4-A456A6B21D2E}.Release|x64.ActiveCfg = Release|Any CPU
		{03BC7361-1696-4D39-87E4-A456A6B21D2E}.Release|x64.Build.0 = Release|Any CPU
		{03BC7361-1696-4D39-87E4-A456A6B21D2E}.Release|x86.ActiveCfg = Release|Any CPU
		{03BC7361-1696-4D39-87E4-A456A6B21D2E}.Release|x86.Build.0 = Release|Any CPU
		{AFC46105-26C2-456A-83B4-3936D004A8C5}.Debug|Android.ActiveCfg = Debug|Any CPU
		{AFC46105-26C2-456A-83B4-3936D004A8C5}.Debug|Android.Build.0 = Debug|Any CPU
		{AFC46105-26C2-456A-83B4-3936D004A8C5}.Debug|Any CPU.ActiveCfg = Debug|Any CPU
		{AFC46105-26C2-456A-83B4-3936D004A8C5}.Debug|Any CPU.Build.0 = Debug|Any CPU
		{AFC46105-26C2-456A-83B4-3936D004A8C5}.Debug|ARM.ActiveCfg = Debug|Any CPU
		{AFC46105-26C2-456A-83B4-3936D004A8C5}.Debug|ARM.Build.0 = Debug|Any CPU
		{AFC46105-26C2-456A-83B4-3936D004A8C5}.Debug|iOS.ActiveCfg = Debug|Any CPU
		{AFC46105-26C2-456A-83B4-3936D004A8C5}.Debug|iOS.Build.0 = Debug|Any CPU
		{AFC46105-26C2-456A-83B4-3936D004A8C5}.Debug|Windows Phone (Universal).ActiveCfg = Debug|Any CPU
		{AFC46105-26C2-456A-83B4-3936D004A8C5}.Debug|Windows Phone (Universal).Build.0 = Debug|Any CPU
		{AFC46105-26C2-456A-83B4-3936D004A8C5}.Debug|Windows Phone 8.ActiveCfg = Debug|Any CPU
		{AFC46105-26C2-456A-83B4-3936D004A8C5}.Debug|Windows Phone 8.Build.0 = Debug|Any CPU
		{AFC46105-26C2-456A-83B4-3936D004A8C5}.Debug|Windows-AnyCPU.ActiveCfg = Debug|Any CPU
		{AFC46105-26C2-456A-83B4-3936D004A8C5}.Debug|Windows-AnyCPU.Build.0 = Debug|Any CPU
		{AFC46105-26C2-456A-83B4-3936D004A8C5}.Debug|Windows-ARM.ActiveCfg = Debug|Any CPU
		{AFC46105-26C2-456A-83B4-3936D004A8C5}.Debug|Windows-ARM.Build.0 = Debug|Any CPU
		{AFC46105-26C2-456A-83B4-3936D004A8C5}.Debug|Windows-x64.ActiveCfg = Debug|Any CPU
		{AFC46105-26C2-456A-83B4-3936D004A8C5}.Debug|Windows-x64.Build.0 = Debug|Any CPU
		{AFC46105-26C2-456A-83B4-3936D004A8C5}.Debug|Windows-x86.ActiveCfg = Debug|Any CPU
		{AFC46105-26C2-456A-83B4-3936D004A8C5}.Debug|Windows-x86.Build.0 = Debug|Any CPU
		{AFC46105-26C2-456A-83B4-3936D004A8C5}.Debug|x64.ActiveCfg = Debug|Any CPU
		{AFC46105-26C2-456A-83B4-3936D004A8C5}.Debug|x64.Build.0 = Debug|Any CPU
		{AFC46105-26C2-456A-83B4-3936D004A8C5}.Debug|x86.ActiveCfg = Debug|Any CPU
		{AFC46105-26C2-456A-83B4-3936D004A8C5}.Debug|x86.Build.0 = Debug|Any CPU
		{AFC46105-26C2-456A-83B4-3936D004A8C5}.Release|Android.ActiveCfg = Release|Any CPU
		{AFC46105-26C2-456A-83B4-3936D004A8C5}.Release|Android.Build.0 = Release|Any CPU
		{AFC46105-26C2-456A-83B4-3936D004A8C5}.Release|Any CPU.ActiveCfg = Release|Any CPU
		{AFC46105-26C2-456A-83B4-3936D004A8C5}.Release|Any CPU.Build.0 = Release|Any CPU
		{AFC46105-26C2-456A-83B4-3936D004A8C5}.Release|ARM.ActiveCfg = Release|Any CPU
		{AFC46105-26C2-456A-83B4-3936D004A8C5}.Release|ARM.Build.0 = Release|Any CPU
		{AFC46105-26C2-456A-83B4-3936D004A8C5}.Release|iOS.ActiveCfg = Release|Any CPU
		{AFC46105-26C2-456A-83B4-3936D004A8C5}.Release|iOS.Build.0 = Release|Any CPU
		{AFC46105-26C2-456A-83B4-3936D004A8C5}.Release|Windows Phone (Universal).ActiveCfg = Release|Any CPU
		{AFC46105-26C2-456A-83B4-3936D004A8C5}.Release|Windows Phone (Universal).Build.0 = Release|Any CPU
		{AFC46105-26C2-456A-83B4-3936D004A8C5}.Release|Windows Phone 8.ActiveCfg = Release|Any CPU
		{AFC46105-26C2-456A-83B4-3936D004A8C5}.Release|Windows Phone 8.Build.0 = Release|Any CPU
		{AFC46105-26C2-456A-83B4-3936D004A8C5}.Release|Windows-AnyCPU.ActiveCfg = Release|Any CPU
		{AFC46105-26C2-456A-83B4-3936D004A8C5}.Release|Windows-AnyCPU.Build.0 = Release|Any CPU
		{AFC46105-26C2-456A-83B4-3936D004A8C5}.Release|Windows-ARM.ActiveCfg = Release|Any CPU
		{AFC46105-26C2-456A-83B4-3936D004A8C5}.Release|Windows-ARM.Build.0 = Release|Any CPU
		{AFC46105-26C2-456A-83B4-3936D004A8C5}.Release|Windows-x64.ActiveCfg = Release|Any CPU
		{AFC46105-26C2-456A-83B4-3936D004A8C5}.Release|Windows-x64.Build.0 = Release|Any CPU
		{AFC46105-26C2-456A-83B4-3936D004A8C5}.Release|Windows-x86.ActiveCfg = Release|Any CPU
		{AFC46105-26C2-456A-83B4-3936D004A8C5}.Release|Windows-x86.Build.0 = Release|Any CPU
		{AFC46105-26C2-456A-83B4-3936D004A8C5}.Release|x64.ActiveCfg = Release|Any CPU
		{AFC46105-26C2-456A-83B4-3936D004A8C5}.Release|x64.Build.0 = Release|Any CPU
		{AFC46105-26C2-456A-83B4-3936D004A8C5}.Release|x86.ActiveCfg = Release|Any CPU
		{AFC46105-26C2-456A-83B4-3936D004A8C5}.Release|x86.Build.0 = Release|Any CPU
		{48C54EEB-B49E-47C7-B102-528485A70972}.Debug|Android.ActiveCfg = Debug|Any CPU
		{48C54EEB-B49E-47C7-B102-528485A70972}.Debug|Android.Build.0 = Debug|Any CPU
		{48C54EEB-B49E-47C7-B102-528485A70972}.Debug|Any CPU.ActiveCfg = Debug|Any CPU
		{48C54EEB-B49E-47C7-B102-528485A70972}.Debug|Any CPU.Build.0 = Debug|Any CPU
		{48C54EEB-B49E-47C7-B102-528485A70972}.Debug|ARM.ActiveCfg = Debug|Any CPU
		{48C54EEB-B49E-47C7-B102-528485A70972}.Debug|ARM.Build.0 = Debug|Any CPU
		{48C54EEB-B49E-47C7-B102-528485A70972}.Debug|iOS.ActiveCfg = Debug|Any CPU
		{48C54EEB-B49E-47C7-B102-528485A70972}.Debug|iOS.Build.0 = Debug|Any CPU
		{48C54EEB-B49E-47C7-B102-528485A70972}.Debug|Windows Phone (Universal).ActiveCfg = Debug|Any CPU
		{48C54EEB-B49E-47C7-B102-528485A70972}.Debug|Windows Phone (Universal).Build.0 = Debug|Any CPU
		{48C54EEB-B49E-47C7-B102-528485A70972}.Debug|Windows Phone 8.ActiveCfg = Debug|Any CPU
		{48C54EEB-B49E-47C7-B102-528485A70972}.Debug|Windows Phone 8.Build.0 = Debug|Any CPU
		{48C54EEB-B49E-47C7-B102-528485A70972}.Debug|Windows-AnyCPU.ActiveCfg = Debug|Any CPU
		{48C54EEB-B49E-47C7-B102-528485A70972}.Debug|Windows-AnyCPU.Build.0 = Debug|Any CPU
		{48C54EEB-B49E-47C7-B102-528485A70972}.Debug|Windows-ARM.ActiveCfg = Debug|Any CPU
		{48C54EEB-B49E-47C7-B102-528485A70972}.Debug|Windows-ARM.Build.0 = Debug|Any CPU
		{48C54EEB-B49E-47C7-B102-528485A70972}.Debug|Windows-x64.ActiveCfg = Debug|Any CPU
		{48C54EEB-B49E-47C7-B102-528485A70972}.Debug|Windows-x64.Build.0 = Debug|Any CPU
		{48C54EEB-B49E-47C7-B102-528485A70972}.Debug|Windows-x86.ActiveCfg = Debug|Any CPU
		{48C54EEB-B49E-47C7-B102-528485A70972}.Debug|Windows-x86.Build.0 = Debug|Any CPU
		{48C54EEB-B49E-47C7-B102-528485A70972}.Debug|x64.ActiveCfg = Debug|Any CPU
		{48C54EEB-B49E-47C7-B102-528485A70972}.Debug|x64.Build.0 = Debug|Any CPU
		{48C54EEB-B49E-47C7-B102-528485A70972}.Debug|x86.ActiveCfg = Debug|Any CPU
		{48C54EEB-B49E-47C7-B102-528485A70972}.Debug|x86.Build.0 = Debug|Any CPU
		{48C54EEB-B49E-47C7-B102-528485A70972}.Release|Android.ActiveCfg = Release|Any CPU
		{48C54EEB-B49E-47C7-B102-528485A70972}.Release|Android.Build.0 = Release|Any CPU
		{48C54EEB-B49E-47C7-B102-528485A70972}.Release|Any CPU.ActiveCfg = Release|Any CPU
		{48C54EEB-B49E-47C7-B102-528485A70972}.Release|Any CPU.Build.0 = Release|Any CPU
		{48C54EEB-B49E-47C7-B102-528485A70972}.Release|ARM.ActiveCfg = Release|Any CPU
		{48C54EEB-B49E-47C7-B102-528485A70972}.Release|ARM.Build.0 = Release|Any CPU
		{48C54EEB-B49E-47C7-B102-528485A70972}.Release|iOS.ActiveCfg = Release|Any CPU
		{48C54EEB-B49E-47C7-B102-528485A70972}.Release|iOS.Build.0 = Release|Any CPU
		{48C54EEB-B49E-47C7-B102-528485A70972}.Release|Windows Phone (Universal).ActiveCfg = Release|Any CPU
		{48C54EEB-B49E-47C7-B102-528485A70972}.Release|Windows Phone (Universal).Build.0 = Release|Any CPU
		{48C54EEB-B49E-47C7-B102-528485A70972}.Release|Windows Phone 8.ActiveCfg = Release|Any CPU
		{48C54EEB-B49E-47C7-B102-528485A70972}.Release|Windows Phone 8.Build.0 = Release|Any CPU
		{48C54EEB-B49E-47C7-B102-528485A70972}.Release|Windows-AnyCPU.ActiveCfg = Release|Any CPU
		{48C54EEB-B49E-47C7-B102-528485A70972}.Release|Windows-AnyCPU.Build.0 = Release|Any CPU
		{48C54EEB-B49E-47C7-B102-528485A70972}.Release|Windows-ARM.ActiveCfg = Release|Any CPU
		{48C54EEB-B49E-47C7-B102-528485A70972}.Release|Windows-ARM.Build.0 = Release|Any CPU
		{48C54EEB-B49E-47C7-B102-528485A70972}.Release|Windows-x64.ActiveCfg = Release|Any CPU
		{48C54EEB-B49E-47C7-B102-528485A70972}.Release|Windows-x64.Build.0 = Release|Any CPU
		{48C54EEB-B49E-47C7-B102-528485A70972}.Release|Windows-x86.ActiveCfg = Release|Any CPU
		{48C54EEB-B49E-47C7-B102-528485A70972}.Release|Windows-x86.Build.0 = Release|Any CPU
		{48C54EEB-B49E-47C7-B102-528485A70972}.Release|x64.ActiveCfg = Release|Any CPU
		{48C54EEB-B49E-47C7-B102-528485A70972}.Release|x64.Build.0 = Release|Any CPU
		{48C54EEB-B49E-47C7-B102-528485A70972}.Release|x86.ActiveCfg = Release|Any CPU
		{48C54EEB-B49E-47C7-B102-528485A70972}.Release|x86.Build.0 = Release|Any CPU
		{9A70DCB5-EF25-4B59-953D-E00AAE0E8AED}.Debug|Android.ActiveCfg = Debug|Any CPU
		{9A70DCB5-EF25-4B59-953D-E00AAE0E8AED}.Debug|Android.Build.0 = Debug|Any CPU
		{9A70DCB5-EF25-4B59-953D-E00AAE0E8AED}.Debug|Any CPU.ActiveCfg = Debug|Any CPU
		{9A70DCB5-EF25-4B59-953D-E00AAE0E8AED}.Debug|Any CPU.Build.0 = Debug|Any CPU
		{9A70DCB5-EF25-4B59-953D-E00AAE0E8AED}.Debug|ARM.ActiveCfg = Debug|Any CPU
		{9A70DCB5-EF25-4B59-953D-E00AAE0E8AED}.Debug|ARM.Build.0 = Debug|Any CPU
		{9A70DCB5-EF25-4B59-953D-E00AAE0E8AED}.Debug|iOS.ActiveCfg = Debug|Any CPU
		{9A70DCB5-EF25-4B59-953D-E00AAE0E8AED}.Debug|iOS.Build.0 = Debug|Any CPU
		{9A70DCB5-EF25-4B59-953D-E00AAE0E8AED}.Debug|Windows Phone (Universal).ActiveCfg = Debug|Any CPU
		{9A70DCB5-EF25-4B59-953D-E00AAE0E8AED}.Debug|Windows Phone (Universal).Build.0 = Debug|Any CPU
		{9A70DCB5-EF25-4B59-953D-E00AAE0E8AED}.Debug|Windows Phone 8.ActiveCfg = Debug|Any CPU
		{9A70DCB5-EF25-4B59-953D-E00AAE0E8AED}.Debug|Windows Phone 8.Build.0 = Debug|Any CPU
		{9A70DCB5-EF25-4B59-953D-E00AAE0E8AED}.Debug|Windows-AnyCPU.ActiveCfg = Debug|Any CPU
		{9A70DCB5-EF25-4B59-953D-E00AAE0E8AED}.Debug|Windows-AnyCPU.Build.0 = Debug|Any CPU
		{9A70DCB5-EF25-4B59-953D-E00AAE0E8AED}.Debug|Windows-ARM.ActiveCfg = Debug|Any CPU
		{9A70DCB5-EF25-4B59-953D-E00AAE0E8AED}.Debug|Windows-ARM.Build.0 = Debug|Any CPU
		{9A70DCB5-EF25-4B59-953D-E00AAE0E8AED}.Debug|Windows-x64.ActiveCfg = Debug|Any CPU
		{9A70DCB5-EF25-4B59-953D-E00AAE0E8AED}.Debug|Windows-x64.Build.0 = Debug|Any CPU
		{9A70DCB5-EF25-4B59-953D-E00AAE0E8AED}.Debug|Windows-x86.ActiveCfg = Debug|Any CPU
		{9A70DCB5-EF25-4B59-953D-E00AAE0E8AED}.Debug|Windows-x86.Build.0 = Debug|Any CPU
		{9A70DCB5-EF25-4B59-953D-E00AAE0E8AED}.Debug|x64.ActiveCfg = Debug|Any CPU
		{9A70DCB5-EF25-4B59-953D-E00AAE0E8AED}.Debug|x64.Build.0 = Debug|Any CPU
		{9A70DCB5-EF25-4B59-953D-E00AAE0E8AED}.Debug|x86.ActiveCfg = Debug|Any CPU
		{9A70DCB5-EF25-4B59-953D-E00AAE0E8AED}.Debug|x86.Build.0 = Debug|Any CPU
		{9A70DCB5-EF25-4B59-953D-E00AAE0E8AED}.Release|Android.ActiveCfg = Release|Any CPU
		{9A70DCB5-EF25-4B59-953D-E00AAE0E8AED}.Release|Android.Build.0 = Release|Any CPU
		{9A70DCB5-EF25-4B59-953D-E00AAE0E8AED}.Release|Any CPU.ActiveCfg = Release|Any CPU
		{9A70DCB5-EF25-4B59-953D-E00AAE0E8AED}.Release|Any CPU.Build.0 = Release|Any CPU
		{9A70DCB5-EF25-4B59-953D-E00AAE0E8AED}.Release|ARM.ActiveCfg = Release|Any CPU
		{9A70DCB5-EF25-4B59-953D-E00AAE0E8AED}.Release|ARM.Build.0 = Release|Any CPU
		{9A70DCB5-EF25-4B59-953D-E00AAE0E8AED}.Release|iOS.ActiveCfg = Release|Any CPU
		{9A70DCB5-EF25-4B59-953D-E00AAE0E8AED}.Release|iOS.Build.0 = Release|Any CPU
		{9A70DCB5-EF25-4B59-953D-E00AAE0E8AED}.Release|Windows Phone (Universal).ActiveCfg = Release|Any CPU
		{9A70DCB5-EF25-4B59-953D-E00AAE0E8AED}.Release|Windows Phone (Universal).Build.0 = Release|Any CPU
		{9A70DCB5-EF25-4B59-953D-E00AAE0E8AED}.Release|Windows Phone 8.ActiveCfg = Release|Any CPU
		{9A70DCB5-EF25-4B59-953D-E00AAE0E8AED}.Release|Windows Phone 8.Build.0 = Release|Any CPU
		{9A70DCB5-EF25-4B59-953D-E00AAE0E8AED}.Release|Windows-AnyCPU.ActiveCfg = Release|Any CPU
		{9A70DCB5-EF25-4B59-953D-E00AAE0E8AED}.Release|Windows-AnyCPU.Build.0 = Release|Any CPU
		{9A70DCB5-EF25-4B59-953D-E00AAE0E8AED}.Release|Windows-ARM.ActiveCfg = Release|Any CPU
		{9A70DCB5-EF25-4B59-953D-E00AAE0E8AED}.Release|Windows-ARM.Build.0 = Release|Any CPU
		{9A70DCB5-EF25-4B59-953D-E00AAE0E8AED}.Release|Windows-x64.ActiveCfg = Release|Any CPU
		{9A70DCB5-EF25-4B59-953D-E00AAE0E8AED}.Release|Windows-x64.Build.0 = Release|Any CPU
		{9A70DCB5-EF25-4B59-953D-E00AAE0E8AED}.Release|Windows-x86.ActiveCfg = Release|Any CPU
		{9A70DCB5-EF25-4B59-953D-E00AAE0E8AED}.Release|Windows-x86.Build.0 = Release|Any CPU
		{9A70DCB5-EF25-4B59-953D-E00AAE0E8AED}.Release|x64.ActiveCfg = Release|Any CPU
		{9A70DCB5-EF25-4B59-953D-E00AAE0E8AED}.Release|x64.Build.0 = Release|Any CPU
		{9A70DCB5-EF25-4B59-953D-E00AAE0E8AED}.Release|x86.ActiveCfg = Release|Any CPU
		{9A70DCB5-EF25-4B59-953D-E00AAE0E8AED}.Release|x86.Build.0 = Release|Any CPU
		{6FD231B7-DFE6-42C2-A06F-DC0F181C8CD7}.Debug|Android.ActiveCfg = Debug|Any CPU
		{6FD231B7-DFE6-42C2-A06F-DC0F181C8CD7}.Debug|Android.Build.0 = Debug|Any CPU
		{6FD231B7-DFE6-42C2-A06F-DC0F181C8CD7}.Debug|Android.Deploy.0 = Debug|Any CPU
		{6FD231B7-DFE6-42C2-A06F-DC0F181C8CD7}.Debug|Any CPU.ActiveCfg = Debug|Any CPU
		{6FD231B7-DFE6-42C2-A06F-DC0F181C8CD7}.Debug|Any CPU.Build.0 = Debug|Any CPU
		{6FD231B7-DFE6-42C2-A06F-DC0F181C8CD7}.Debug|Any CPU.Deploy.0 = Debug|Any CPU
		{6FD231B7-DFE6-42C2-A06F-DC0F181C8CD7}.Debug|ARM.ActiveCfg = Debug|Any CPU
		{6FD231B7-DFE6-42C2-A06F-DC0F181C8CD7}.Debug|ARM.Build.0 = Debug|Any CPU
		{6FD231B7-DFE6-42C2-A06F-DC0F181C8CD7}.Debug|ARM.Deploy.0 = Debug|Any CPU
		{6FD231B7-DFE6-42C2-A06F-DC0F181C8CD7}.Debug|iOS.ActiveCfg = Debug|Any CPU
		{6FD231B7-DFE6-42C2-A06F-DC0F181C8CD7}.Debug|iOS.Build.0 = Debug|Any CPU
		{6FD231B7-DFE6-42C2-A06F-DC0F181C8CD7}.Debug|iOS.Deploy.0 = Debug|Any CPU
		{6FD231B7-DFE6-42C2-A06F-DC0F181C8CD7}.Debug|Windows Phone (Universal).ActiveCfg = Debug|Any CPU
		{6FD231B7-DFE6-42C2-A06F-DC0F181C8CD7}.Debug|Windows Phone (Universal).Build.0 = Debug|Any CPU
		{6FD231B7-DFE6-42C2-A06F-DC0F181C8CD7}.Debug|Windows Phone (Universal).Deploy.0 = Debug|Any CPU
		{6FD231B7-DFE6-42C2-A06F-DC0F181C8CD7}.Debug|Windows Phone 8.ActiveCfg = Debug|Any CPU
		{6FD231B7-DFE6-42C2-A06F-DC0F181C8CD7}.Debug|Windows Phone 8.Build.0 = Debug|Any CPU
		{6FD231B7-DFE6-42C2-A06F-DC0F181C8CD7}.Debug|Windows Phone 8.Deploy.0 = Debug|Any CPU
		{6FD231B7-DFE6-42C2-A06F-DC0F181C8CD7}.Debug|Windows-AnyCPU.ActiveCfg = Debug|Any CPU
		{6FD231B7-DFE6-42C2-A06F-DC0F181C8CD7}.Debug|Windows-AnyCPU.Build.0 = Debug|Any CPU
		{6FD231B7-DFE6-42C2-A06F-DC0F181C8CD7}.Debug|Windows-AnyCPU.Deploy.0 = Debug|Any CPU
		{6FD231B7-DFE6-42C2-A06F-DC0F181C8CD7}.Debug|Windows-ARM.ActiveCfg = Debug|Any CPU
		{6FD231B7-DFE6-42C2-A06F-DC0F181C8CD7}.Debug|Windows-ARM.Build.0 = Debug|Any CPU
		{6FD231B7-DFE6-42C2-A06F-DC0F181C8CD7}.Debug|Windows-ARM.Deploy.0 = Debug|Any CPU
		{6FD231B7-DFE6-42C2-A06F-DC0F181C8CD7}.Debug|Windows-x64.ActiveCfg = Debug|Any CPU
		{6FD231B7-DFE6-42C2-A06F-DC0F181C8CD7}.Debug|Windows-x64.Build.0 = Debug|Any CPU
		{6FD231B7-DFE6-42C2-A06F-DC0F181C8CD7}.Debug|Windows-x64.Deploy.0 = Debug|Any CPU
		{6FD231B7-DFE6-42C2-A06F-DC0F181C8CD7}.Debug|Windows-x86.ActiveCfg = Debug|Any CPU
		{6FD231B7-DFE6-42C2-A06F-DC0F181C8CD7}.Debug|Windows-x86.Build.0 = Debug|Any CPU
		{6FD231B7-DFE6-42C2-A06F-DC0F181C8CD7}.Debug|Windows-x86.Deploy.0 = Debug|Any CPU
		{6FD231B7-DFE6-42C2-A06F-DC0F181C8CD7}.Debug|x64.ActiveCfg = Debug|Any CPU
		{6FD231B7-DFE6-42C2-A06F-DC0F181C8CD7}.Debug|x64.Build.0 = Debug|Any CPU
		{6FD231B7-DFE6-42C2-A06F-DC0F181C8CD7}.Debug|x64.Deploy.0 = Debug|Any CPU
		{6FD231B7-DFE6-42C2-A06F-DC0F181C8CD7}.Debug|x86.ActiveCfg = Debug|Any CPU
		{6FD231B7-DFE6-42C2-A06F-DC0F181C8CD7}.Debug|x86.Build.0 = Debug|Any CPU
		{6FD231B7-DFE6-42C2-A06F-DC0F181C8CD7}.Debug|x86.Deploy.0 = Debug|Any CPU
		{6FD231B7-DFE6-42C2-A06F-DC0F181C8CD7}.Release|Android.ActiveCfg = Release|Any CPU
		{6FD231B7-DFE6-42C2-A06F-DC0F181C8CD7}.Release|Android.Build.0 = Release|Any CPU
		{6FD231B7-DFE6-42C2-A06F-DC0F181C8CD7}.Release|Android.Deploy.0 = Release|Any CPU
		{6FD231B7-DFE6-42C2-A06F-DC0F181C8CD7}.Release|Any CPU.ActiveCfg = Release|Any CPU
		{6FD231B7-DFE6-42C2-A06F-DC0F181C8CD7}.Release|Any CPU.Build.0 = Release|Any CPU
		{6FD231B7-DFE6-42C2-A06F-DC0F181C8CD7}.Release|Any CPU.Deploy.0 = Release|Any CPU
		{6FD231B7-DFE6-42C2-A06F-DC0F181C8CD7}.Release|ARM.ActiveCfg = Release|Any CPU
		{6FD231B7-DFE6-42C2-A06F-DC0F181C8CD7}.Release|ARM.Build.0 = Release|Any CPU
		{6FD231B7-DFE6-42C2-A06F-DC0F181C8CD7}.Release|ARM.Deploy.0 = Release|Any CPU
		{6FD231B7-DFE6-42C2-A06F-DC0F181C8CD7}.Release|iOS.ActiveCfg = Release|Any CPU
		{6FD231B7-DFE6-42C2-A06F-DC0F181C8CD7}.Release|iOS.Build.0 = Release|Any CPU
		{6FD231B7-DFE6-42C2-A06F-DC0F181C8CD7}.Release|iOS.Deploy.0 = Release|Any CPU
		{6FD231B7-DFE6-42C2-A06F-DC0F181C8CD7}.Release|Windows Phone (Universal).ActiveCfg = Release|Any CPU
		{6FD231B7-DFE6-42C2-A06F-DC0F181C8CD7}.Release|Windows Phone (Universal).Build.0 = Release|Any CPU
		{6FD231B7-DFE6-42C2-A06F-DC0F181C8CD7}.Release|Windows Phone (Universal).Deploy.0 = Release|Any CPU
		{6FD231B7-DFE6-42C2-A06F-DC0F181C8CD7}.Release|Windows Phone 8.ActiveCfg = Release|Any CPU
		{6FD231B7-DFE6-42C2-A06F-DC0F181C8CD7}.Release|Windows Phone 8.Build.0 = Release|Any CPU
		{6FD231B7-DFE6-42C2-A06F-DC0F181C8CD7}.Release|Windows Phone 8.Deploy.0 = Release|Any CPU
		{6FD231B7-DFE6-42C2-A06F-DC0F181C8CD7}.Release|Windows-AnyCPU.ActiveCfg = Release|Any CPU
		{6FD231B7-DFE6-42C2-A06F-DC0F181C8CD7}.Release|Windows-AnyCPU.Build.0 = Release|Any CPU
		{6FD231B7-DFE6-42C2-A06F-DC0F181C8CD7}.Release|Windows-AnyCPU.Deploy.0 = Release|Any CPU
		{6FD231B7-DFE6-42C2-A06F-DC0F181C8CD7}.Release|Windows-ARM.ActiveCfg = Release|Any CPU
		{6FD231B7-DFE6-42C2-A06F-DC0F181C8CD7}.Release|Windows-ARM.Build.0 = Release|Any CPU
		{6FD231B7-DFE6-42C2-A06F-DC0F181C8CD7}.Release|Windows-ARM.Deploy.0 = Release|Any CPU
		{6FD231B7-DFE6-42C2-A06F-DC0F181C8CD7}.Release|Windows-x64.ActiveCfg = Release|Any CPU
		{6FD231B7-DFE6-42C2-A06F-DC0F181C8CD7}.Release|Windows-x64.Build.0 = Release|Any CPU
		{6FD231B7-DFE6-42C2-A06F-DC0F181C8CD7}.Release|Windows-x64.Deploy.0 = Release|Any CPU
		{6FD231B7-DFE6-42C2-A06F-DC0F181C8CD7}.Release|Windows-x86.ActiveCfg = Release|Any CPU
		{6FD231B7-DFE6-42C2-A06F-DC0F181C8CD7}.Release|Windows-x86.Build.0 = Release|Any CPU
		{6FD231B7-DFE6-42C2-A06F-DC0F181C8CD7}.Release|Windows-x86.Deploy.0 = Release|Any CPU
		{6FD231B7-DFE6-42C2-A06F-DC0F181C8CD7}.Release|x64.ActiveCfg = Release|Any CPU
		{6FD231B7-DFE6-42C2-A06F-DC0F181C8CD7}.Release|x64.Build.0 = Release|Any CPU
		{6FD231B7-DFE6-42C2-A06F-DC0F181C8CD7}.Release|x64.Deploy.0 = Release|Any CPU
		{6FD231B7-DFE6-42C2-A06F-DC0F181C8CD7}.Release|x86.ActiveCfg = Release|Any CPU
		{6FD231B7-DFE6-42C2-A06F-DC0F181C8CD7}.Release|x86.Build.0 = Release|Any CPU
		{6FD231B7-DFE6-42C2-A06F-DC0F181C8CD7}.Release|x86.Deploy.0 = Release|Any CPU
		{583D3C0E-BC3D-450C-B58C-C8ABBBABD9D8}.Debug|Android.ActiveCfg = Debug|Any CPU
		{583D3C0E-BC3D-450C-B58C-C8ABBBABD9D8}.Debug|Android.Build.0 = Debug|Any CPU
		{583D3C0E-BC3D-450C-B58C-C8ABBBABD9D8}.Debug|Any CPU.ActiveCfg = Debug|Any CPU
		{583D3C0E-BC3D-450C-B58C-C8ABBBABD9D8}.Debug|Any CPU.Build.0 = Debug|Any CPU
		{583D3C0E-BC3D-450C-B58C-C8ABBBABD9D8}.Debug|ARM.ActiveCfg = Debug|Any CPU
		{583D3C0E-BC3D-450C-B58C-C8ABBBABD9D8}.Debug|ARM.Build.0 = Debug|Any CPU
		{583D3C0E-BC3D-450C-B58C-C8ABBBABD9D8}.Debug|iOS.ActiveCfg = Debug|Any CPU
		{583D3C0E-BC3D-450C-B58C-C8ABBBABD9D8}.Debug|iOS.Build.0 = Debug|Any CPU
		{583D3C0E-BC3D-450C-B58C-C8ABBBABD9D8}.Debug|Windows Phone (Universal).ActiveCfg = Debug|Any CPU
		{583D3C0E-BC3D-450C-B58C-C8ABBBABD9D8}.Debug|Windows Phone (Universal).Build.0 = Debug|Any CPU
		{583D3C0E-BC3D-450C-B58C-C8ABBBABD9D8}.Debug|Windows Phone 8.ActiveCfg = Debug|Any CPU
		{583D3C0E-BC3D-450C-B58C-C8ABBBABD9D8}.Debug|Windows Phone 8.Build.0 = Debug|Any CPU
		{583D3C0E-BC3D-450C-B58C-C8ABBBABD9D8}.Debug|Windows-AnyCPU.ActiveCfg = Debug|Any CPU
		{583D3C0E-BC3D-450C-B58C-C8ABBBABD9D8}.Debug|Windows-AnyCPU.Build.0 = Debug|Any CPU
		{583D3C0E-BC3D-450C-B58C-C8ABBBABD9D8}.Debug|Windows-ARM.ActiveCfg = Debug|Any CPU
		{583D3C0E-BC3D-450C-B58C-C8ABBBABD9D8}.Debug|Windows-ARM.Build.0 = Debug|Any CPU
		{583D3C0E-BC3D-450C-B58C-C8ABBBABD9D8}.Debug|Windows-x64.ActiveCfg = Debug|Any CPU
		{583D3C0E-BC3D-450C-B58C-C8ABBBABD9D8}.Debug|Windows-x64.Build.0 = Debug|Any CPU
		{583D3C0E-BC3D-450C-B58C-C8ABBBABD9D8}.Debug|Windows-x86.ActiveCfg = Debug|Any CPU
		{583D3C0E-BC3D-450C-B58C-C8ABBBABD9D8}.Debug|Windows-x86.Build.0 = Debug|Any CPU
		{583D3C0E-BC3D-450C-B58C-C8ABBBABD9D8}.Debug|x64.ActiveCfg = Debug|Any CPU
		{583D3C0E-BC3D-450C-B58C-C8ABBBABD9D8}.Debug|x64.Build.0 = Debug|Any CPU
		{583D3C0E-BC3D-450C-B58C-C8ABBBABD9D8}.Debug|x86.ActiveCfg = Debug|Any CPU
		{583D3C0E-BC3D-450C-B58C-C8ABBBABD9D8}.Debug|x86.Build.0 = Debug|Any CPU
		{583D3C0E-BC3D-450C-B58C-C8ABBBABD9D8}.Release|Android.ActiveCfg = Release|Any CPU
		{583D3C0E-BC3D-450C-B58C-C8ABBBABD9D8}.Release|Android.Build.0 = Release|Any CPU
		{583D3C0E-BC3D-450C-B58C-C8ABBBABD9D8}.Release|Any CPU.ActiveCfg = Release|Any CPU
		{583D3C0E-BC3D-450C-B58C-C8ABBBABD9D8}.Release|Any CPU.Build.0 = Release|Any CPU
		{583D3C0E-BC3D-450C-B58C-C8ABBBABD9D8}.Release|ARM.ActiveCfg = Release|Any CPU
		{583D3C0E-BC3D-450C-B58C-C8ABBBABD9D8}.Release|ARM.Build.0 = Release|Any CPU
		{583D3C0E-BC3D-450C-B58C-C8ABBBABD9D8}.Release|iOS.ActiveCfg = Release|Any CPU
		{583D3C0E-BC3D-450C-B58C-C8ABBBABD9D8}.Release|iOS.Build.0 = Release|Any CPU
		{583D3C0E-BC3D-450C-B58C-C8ABBBABD9D8}.Release|Windows Phone (Universal).ActiveCfg = Release|Any CPU
		{583D3C0E-BC3D-450C-B58C-C8ABBBABD9D8}.Release|Windows Phone (Universal).Build.0 = Release|Any CPU
		{583D3C0E-BC3D-450C-B58C-C8ABBBABD9D8}.Release|Windows Phone 8.ActiveCfg = Release|Any CPU
		{583D3C0E-BC3D-450C-B58C-C8ABBBABD9D8}.Release|Windows Phone 8.Build.0 = Release|Any CPU
		{583D3C0E-BC3D-450C-B58C-C8ABBBABD9D8}.Release|Windows-AnyCPU.ActiveCfg = Release|Any CPU
		{583D3C0E-BC3D-450C-B58C-C8ABBBABD9D8}.Release|Windows-AnyCPU.Build.0 = Release|Any CPU
		{583D3C0E-BC3D-450C-B58C-C8ABBBABD9D8}.Release|Windows-ARM.ActiveCfg = Release|Any CPU
		{583D3C0E-BC3D-450C-B58C-C8ABBBABD9D8}.Release|Windows-ARM.Build.0 = Release|Any CPU
		{583D3C0E-BC3D-450C-B58C-C8ABBBABD9D8}.Release|Windows-x64.ActiveCfg = Release|Any CPU
		{583D3C0E-BC3D-450C-B58C-C8ABBBABD9D8}.Release|Windows-x64.Build.0 = Release|Any CPU
		{583D3C0E-BC3D-450C-B58C-C8ABBBABD9D8}.Release|Windows-x86.ActiveCfg = Release|Any CPU
		{583D3C0E-BC3D-450C-B58C-C8ABBBABD9D8}.Release|Windows-x86.Build.0 = Release|Any CPU
		{583D3C0E-BC3D-450C-B58C-C8ABBBABD9D8}.Release|x64.ActiveCfg = Release|Any CPU
		{583D3C0E-BC3D-450C-B58C-C8ABBBABD9D8}.Release|x64.Build.0 = Release|Any CPU
		{583D3C0E-BC3D-450C-B58C-C8ABBBABD9D8}.Release|x86.ActiveCfg = Release|Any CPU
		{583D3C0E-BC3D-450C-B58C-C8ABBBABD9D8}.Release|x86.Build.0 = Release|Any CPU
	EndGlobalSection
	GlobalSection(SolutionProperties) = preSolution
		HideSolutionNode = FALSE
	EndGlobalSection
EndGlobal
